{
  "version": 4,
  "terraform_version": "1.15.7",
  "serial": 246,
  "lineage": "f473e9d1-551e-b33f-185e-c0c02073a31b",
  "outputs": {},
  "resources": [
    {
      "module": "module.alb",
      "mode": "managed",
      "type": "aws_lb",
      "name": "external",
      "provider": "provider[\"registry.terraform.io/hashicorp/aws\"]",
      "instances": [
        {
          "schema_version": 0,
          "attributes": {
            "access_logs": [
              {
                "bucket": "",
                "enabled": false,
                "prefix": ""
              }
            ],
            "arn": "arn:aws:elasticloadbalancing:ap-southeast-1:495113986501:loadbalancer/app/yec-elevator-test-alb-external/7e212561b64b2abd",
            "arn_suffix": "app/yec-elevator-test-alb-external/7e212561b64b2abd",
            "client_keep_alive": 3600,
            "connection_logs": [
              {
                "bucket": "",
                "enabled": false,
                "prefix": ""
              }
            ],
            "customer_owned_ipv4_pool": "",
            "desync_mitigation_mode": "defensive",
            "dns_name": "yec-elevator-test-alb-external-1529372750.ap-southeast-1.elb.amazonaws.com",
            "dns_record_client_routing_policy": null,
            "drop_invalid_header_fields": false,
            "enable_cross_zone_load_balancing": true,
            "enable_deletion_protection": false,
            "enable_http2": true,
            "enable_tls_version_and_cipher_suite_headers": false,
            "enable_waf_fail_open": false,
            "enable_xff_client_port": false,
            "enable_zonal_shift": false,
            "enforce_security_group_inbound_rules_on_private_link_traffic": "",
            "id": "arn:aws:elasticloadbalancing:ap-southeast-1:495113986501:loadbalancer/app/yec-elevator-test-alb-external/7e212561b64b2abd",
            "idle_timeout": 60,
            "internal": false,
            "ip_address_type": "ipv4",
            "ipam_pools": [],
            "load_balancer_type": "application",
            "minimum_load_balancer_capacity": [],
            "name": "yec-elevator-test-alb-external",
            "name_prefix": "",
            "preserve_host_header": false,
            "security_groups": [
              "sg-0a9e3ae440cdb65f0"
            ],
            "subnet_mapping": [
              {
                "allocation_id": "",
                "ipv6_address": "",
                "outpost_id": "",
                "private_ipv4_address": "",
                "subnet_id": "subnet-04947c8ab8137674b"
              },
              {
                "allocation_id": "",
                "ipv6_address": "",
                "outpost_id": "",
                "private_ipv4_address": "",
                "subnet_id": "subnet-05606cfcbd613d6d3"
              },
              {
                "allocation_id": "",
                "ipv6_address": "",
                "outpost_id": "",
                "private_ipv4_address": "",
                "subnet_id": "subnet-0efee44fca41e9a8b"
              }
            ],
            "subnets": [
              "subnet-04947c8ab8137674b",
              "subnet-05606cfcbd613d6d3",
              "subnet-0efee44fca41e9a8b"
            ],
            "tags": {
              "Environment": "test",
              "ManagedBy": "terraform",
              "Name": "yec-elevator-test-alb-external",
              "Project": "yec-elevator",
              "Sub-Tag": "Yoma Elevator"
            },
            "tags_all": {
              "Environment": "test",
              "ManagedBy": "terraform",
              "Name": "yec-elevator-test-alb-external",
              "Project": "yec-elevator",
              "Sub-Tag": "Yoma Elevator"
            },
            "timeouts": null,
            "vpc_id": "vpc-090438837e5826cf3",
            "xff_header_processing_mode": "append",
            "zone_id": "Z1LMS91P8CMLE5"
          },
          "sensitive_attributes": [],
          "identity_schema_version": 0,
          "private": "eyJlMmJmYjczMC1lY2FhLTExZTYtOGY4OC0zNDM2M2JjN2M0YzAiOnsiY3JlYXRlIjo2MDAwMDAwMDAwMDAsImRlbGV0ZSI6NjAwMDAwMDAwMDAwLCJ1cGRhdGUiOjYwMDAwMDAwMDAwMH19",
          "dependencies": [
            "module.alb.aws_security_group.alb_external",
            "module.vpc.aws_subnet.public",
            "module.vpc.aws_vpc.this"
          ]
        }
      ]
    },
    {
      "module": "module.alb",
      "mode": "managed",
      "type": "aws_lb",
      "name": "internal",
      "provider": "provider[\"registry.terraform.io/hashicorp/aws\"]",
      "instances": [
        {
          "schema_version": 0,
          "attributes": {
            "access_logs": [
              {
                "bucket": "",
                "enabled": false,
                "prefix": ""
              }
            ],
            "arn": "arn:aws:elasticloadbalancing:ap-southeast-1:495113986501:loadbalancer/app/yec-elevator-test-alb-internal/1086121e394877b7",
            "arn_suffix": "app/yec-elevator-test-alb-internal/1086121e394877b7",
            "client_keep_alive": 3600,
            "connection_logs": [
              {
                "bucket": "",
                "enabled": false,
                "prefix": ""
              }
            ],
            "customer_owned_ipv4_pool": "",
            "desync_mitigation_mode": "defensive",
            "dns_name": "internal-yec-elevator-test-alb-internal-252493412.ap-southeast-1.elb.amazonaws.com",
            "dns_record_client_routing_policy": null,
            "drop_invalid_header_fields": false,
            "enable_cross_zone_load_balancing": true,
            "enable_deletion_protection": false,
            "enable_http2": true,
            "enable_tls_version_and_cipher_suite_headers": false,
            "enable_waf_fail_open": false,
            "enable_xff_client_port": false,
            "enable_zonal_shift": false,
            "enforce_security_group_inbound_rules_on_private_link_traffic": "",
            "id": "arn:aws:elasticloadbalancing:ap-southeast-1:495113986501:loadbalancer/app/yec-elevator-test-alb-internal/1086121e394877b7",
            "idle_timeout": 60,
            "internal": true,
            "ip_address_type": "ipv4",
            "ipam_pools": [],
            "load_balancer_type": "application",
            "minimum_load_balancer_capacity": [],
            "name": "yec-elevator-test-alb-internal",
            "name_prefix": "",
            "preserve_host_header": false,
            "security_groups": [
              "sg-088cb76fc780653ab"
            ],
            "subnet_mapping": [
              {
                "allocation_id": "",
                "ipv6_address": "",
                "outpost_id": "",
                "private_ipv4_address": "",
                "subnet_id": "subnet-067b755c8ed3fbe2c"
              },
              {
                "allocation_id": "",
                "ipv6_address": "",
                "outpost_id": "",
                "private_ipv4_address": "",
                "subnet_id": "subnet-0ab5444aeab87fecc"
              },
              {
                "allocation_id": "",
                "ipv6_address": "",
                "outpost_id": "",
                "private_ipv4_address": "",
                "subnet_id": "subnet-0db73c2e8cff2af98"
              }
            ],
            "subnets": [
              "subnet-067b755c8ed3fbe2c",
              "subnet-0ab5444aeab87fecc",
              "subnet-0db73c2e8cff2af98"
            ],
            "tags": {
              "Environment": "test",
              "ManagedBy": "terraform",
              "Name": "yec-elevator-test-alb-internal",
              "Project": "yec-elevator",
              "Sub-Tag": "Yoma Elevator"
            },
            "tags_all": {
              "Environment": "test",
              "ManagedBy": "terraform",
              "Name": "yec-elevator-test-alb-internal",
              "Project": "yec-elevator",
              "Sub-Tag": "Yoma Elevator"
            },
            "timeouts": null,
            "vpc_id": "vpc-090438837e5826cf3",
            "xff_header_processing_mode": "append",
            "zone_id": "Z1LMS91P8CMLE5"
          },
          "sensitive_attributes": [],
          "identity_schema_version": 0,
          "private": "eyJlMmJmYjczMC1lY2FhLTExZTYtOGY4OC0zNDM2M2JjN2M0YzAiOnsiY3JlYXRlIjo2MDAwMDAwMDAwMDAsImRlbGV0ZSI6NjAwMDAwMDAwMDAwLCJ1cGRhdGUiOjYwMDAwMDAwMDAwMH19",
          "dependencies": [
            "module.alb.aws_security_group.alb_internal",
            "module.vpc.aws_subnet.private",
            "module.vpc.aws_vpc.this"
          ]
        }
      ]
    },
    {
      "module": "module.alb",
      "mode": "managed",
      "type": "aws_lb_listener",
      "name": "http",
      "provider": "provider[\"registry.terraform.io/hashicorp/aws\"]",
      "instances": [
        {
          "schema_version": 0,
          "attributes": {
            "alpn_policy": null,
            "arn": "arn:aws:elasticloadbalancing:ap-southeast-1:495113986501:listener/app/yec-elevator-test-alb-external/7e212561b64b2abd/c40b93f74e3088fa",
            "certificate_arn": null,
            "default_action": [
              {
                "authenticate_cognito": [],
                "authenticate_oidc": [],
                "fixed_response": [],
                "forward": [],
                "order": 1,
                "redirect": [],
                "target_group_arn": "arn:aws:elasticloadbalancing:ap-southeast-1:495113986501:targetgroup/yec-elevator-test-fe-tg/6ce592f84a137f56",
                "type": "forward"
              }
            ],
            "id": "arn:aws:elasticloadbalancing:ap-southeast-1:495113986501:listener/app/yec-elevator-test-alb-external/7e212561b64b2abd/c40b93f74e3088fa",
            "load_balancer_arn": "arn:aws:elasticloadbalancing:ap-southeast-1:495113986501:loadbalancer/app/yec-elevator-test-alb-external/7e212561b64b2abd",
            "mutual_authentication": [],
            "port": 80,
            "protocol": "HTTP",
            "routing_http_request_x_amzn_mtls_clientcert_header_name": null,
            "routing_http_request_x_amzn_mtls_clientcert_issuer_header_name": null,
            "routing_http_request_x_amzn_mtls_clientcert_leaf_header_name": null,
            "routing_http_request_x_amzn_mtls_clientcert_serial_number_header_name": null,
            "routing_http_request_x_amzn_mtls_clientcert_subject_header_name": null,
            "routing_http_request_x_amzn_mtls_clientcert_validity_header_name": null,
            "routing_http_request_x_amzn_tls_cipher_suite_header_name": null,
            "routing_http_request_x_amzn_tls_version_header_name": null,
            "routing_http_response_access_control_allow_credentials_header_value": "",
            "routing_http_response_access_control_allow_headers_header_value": "",
            "routing_http_response_access_control_allow_methods_header_value": "",
            "routing_http_response_access_control_allow_origin_header_value": "",
            "routing_http_response_access_control_expose_headers_header_value": "",
            "routing_http_response_access_control_max_age_header_value": "",
            "routing_http_response_content_security_policy_header_value": "",
            "routing_http_response_server_enabled": true,
            "routing_http_response_strict_transport_security_header_value": "",
            "routing_http_response_x_content_type_options_header_value": "",
            "routing_http_response_x_frame_options_header_value": "",
            "ssl_policy": "",
            "tags": null,
            "tags_all": {
              "Environment": "test",
              "ManagedBy": "terraform",
              "Project": "yec-elevator",
              "Sub-Tag": "Yoma Elevator"
            },
            "tcp_idle_timeout_seconds": null,
            "timeouts": null
          },
          "sensitive_attributes": [],
          "identity_schema_version": 0,
          "private": "eyJlMmJmYjczMC1lY2FhLTExZTYtOGY4OC0zNDM2M2JjN2M0YzAiOnsiY3JlYXRlIjozMDAwMDAwMDAwMDAsInVwZGF0ZSI6MzAwMDAwMDAwMDAwfX0=",
          "dependencies": [
            "module.alb.aws_lb.external",
            "module.alb.aws_lb_target_group.fe",
            "module.alb.aws_security_group.alb_external",
            "module.vpc.aws_subnet.public",
            "module.vpc.aws_vpc.this"
          ]
        }
      ]
    },
    {
      "module": "module.alb",
      "mode": "managed",
      "type": "aws_lb_listener",
      "name": "internal_http",
      "provider": "provider[\"registry.terraform.io/hashicorp/aws\"]",
      "instances": [
        {
          "schema_version": 0,
          "attributes": {
            "alpn_policy": null,
            "arn": "arn:aws:elasticloadbalancing:ap-southeast-1:495113986501:listener/app/yec-elevator-test-alb-internal/1086121e394877b7/1166dda3ed43da00",
            "certificate_arn": null,
            "default_action": [
              {
                "authenticate_cognito": [],
                "authenticate_oidc": [],
                "fixed_response": [],
                "forward": [],
                "order": 1,
                "redirect": [],
                "target_group_arn": "arn:aws:elasticloadbalancing:ap-southeast-1:495113986501:targetgroup/yec-elevator-test-be-int-tg/f314fd86697a7ac8",
                "type": "forward"
              }
            ],
            "id": "arn:aws:elasticloadbalancing:ap-southeast-1:495113986501:listener/app/yec-elevator-test-alb-internal/1086121e394877b7/1166dda3ed43da00",
            "load_balancer_arn": "arn:aws:elasticloadbalancing:ap-southeast-1:495113986501:loadbalancer/app/yec-elevator-test-alb-internal/1086121e394877b7",
            "mutual_authentication": [],
            "port": 80,
            "protocol": "HTTP",
            "routing_http_request_x_amzn_mtls_clientcert_header_name": null,
            "routing_http_request_x_amzn_mtls_clientcert_issuer_header_name": null,
            "routing_http_request_x_amzn_mtls_clientcert_leaf_header_name": null,
            "routing_http_request_x_amzn_mtls_clientcert_serial_number_header_name": null,
            "routing_http_request_x_amzn_mtls_clientcert_subject_header_name": null,
            "routing_http_request_x_amzn_mtls_clientcert_validity_header_name": null,
            "routing_http_request_x_amzn_tls_cipher_suite_header_name": null,
            "routing_http_request_x_amzn_tls_version_header_name": null,
            "routing_http_response_access_control_allow_credentials_header_value": "",
            "routing_http_response_access_control_allow_headers_header_value": "",
            "routing_http_response_access_control_allow_methods_header_value": "",
            "routing_http_response_access_control_allow_origin_header_value": "",
            "routing_http_response_access_control_expose_headers_header_value": "",
            "routing_http_response_access_control_max_age_header_value": "",
            "routing_http_response_content_security_policy_header_value": "",
            "routing_http_response_server_enabled": true,
            "routing_http_response_strict_transport_security_header_value": "",
            "routing_http_response_x_content_type_options_header_value": "",
            "routing_http_response_x_frame_options_header_value": "",
            "ssl_policy": "",
            "tags": null,
            "tags_all": {
              "Environment": "test",
              "ManagedBy": "terraform",
              "Project": "yec-elevator",
              "Sub-Tag": "Yoma Elevator"
            },
            "tcp_idle_timeout_seconds": null,
            "timeouts": null
          },
          "sensitive_attributes": [],
          "identity_schema_version": 0,
          "private": "eyJlMmJmYjczMC1lY2FhLTExZTYtOGY4OC0zNDM2M2JjN2M0YzAiOnsiY3JlYXRlIjozMDAwMDAwMDAwMDAsInVwZGF0ZSI6MzAwMDAwMDAwMDAwfX0=",
          "dependencies": [
            "module.alb.aws_lb.internal",
            "module.alb.aws_lb_target_group.be_internal",
            "module.alb.aws_security_group.alb_internal",
            "module.vpc.aws_subnet.private",
            "module.vpc.aws_vpc.this"
          ]
        }
      ]
    },
    {
      "module": "module.alb",
      "mode": "managed",
      "type": "aws_lb_listener_rule",
      "name": "be_api",
      "provider": "provider[\"registry.terraform.io/hashicorp/aws\"]",
      "instances": [
        {
          "schema_version": 0,
          "attributes": {
            "action": [
              {
                "authenticate_cognito": [],
                "authenticate_oidc": [],
                "fixed_response": [],
                "forward": [],
                "order": 1,
                "redirect": [],
                "target_group_arn": "arn:aws:elasticloadbalancing:ap-southeast-1:495113986501:targetgroup/yec-elevator-test-be-tg/04b32076a0d0c622",
                "type": "forward"
              }
            ],
            "arn": "arn:aws:elasticloadbalancing:ap-southeast-1:495113986501:listener-rule/app/yec-elevator-test-alb-external/7e212561b64b2abd/c40b93f74e3088fa/e2bbc4464e352a52",
            "condition": [
              {
                "host_header": [],
                "http_header": [],
                "http_request_method": [],
                "path_pattern": [
                  {
                    "values": [
                      "/api/*"
                    ]
                  }
                ],
                "query_string": [],
                "source_ip": []
              }
            ],
            "id": "arn:aws:elasticloadbalancing:ap-southeast-1:495113986501:listener-rule/app/yec-elevator-test-alb-external/7e212561b64b2abd/c40b93f74e3088fa/e2bbc4464e352a52",
            "listener_arn": "arn:aws:elasticloadbalancing:ap-southeast-1:495113986501:listener/app/yec-elevator-test-alb-external/7e212561b64b2abd/c40b93f74e3088fa",
            "priority": 100,
            "tags": null,
            "tags_all": {
              "Environment": "test",
              "ManagedBy": "terraform",
              "Project": "yec-elevator",
              "Sub-Tag": "Yoma Elevator"
            }
          },
          "sensitive_attributes": [],
          "identity_schema_version": 0,
          "private": "bnVsbA==",
          "dependencies": [
            "module.alb.aws_lb.external",
            "module.alb.aws_lb_listener.http",
            "module.alb.aws_lb_listener.https",
            "module.alb.aws_lb_target_group.be",
            "module.alb.aws_lb_target_group.fe",
            "module.alb.aws_security_group.alb_external",
            "module.vpc.aws_subnet.public",
            "module.vpc.aws_vpc.this"
          ]
        }
      ]
    },
    {
      "module": "module.alb",
      "mode": "managed",
      "type": "aws_lb_target_group",
      "name": "be",
      "provider": "provider[\"registry.terraform.io/hashicorp/aws\"]",
      "instances": [
        {
          "schema_version": 0,
          "attributes": {
            "arn": "arn:aws:elasticloadbalancing:ap-southeast-1:495113986501:targetgroup/yec-elevator-test-be-tg/04b32076a0d0c622",
            "arn_suffix": "targetgroup/yec-elevator-test-be-tg/04b32076a0d0c622",
            "connection_termination": null,
            "deregistration_delay": "300",
            "health_check": [
              {
                "enabled": true,
                "healthy_threshold": 2,
                "interval": 30,
                "matcher": "200-299",
                "path": "/api/docs",
                "port": "traffic-port",
                "protocol": "HTTP",
                "timeout": 5,
                "unhealthy_threshold": 3
              }
            ],
            "id": "arn:aws:elasticloadbalancing:ap-southeast-1:495113986501:targetgroup/yec-elevator-test-be-tg/04b32076a0d0c622",
            "ip_address_type": "ipv4",
            "lambda_multi_value_headers_enabled": false,
            "load_balancer_arns": [],
            "load_balancing_algorithm_type": "round_robin",
            "load_balancing_anomaly_mitigation": "off",
            "load_balancing_cross_zone_enabled": "use_load_balancer_configuration",
            "name": "yec-elevator-test-be-tg",
            "name_prefix": "",
            "port": 3001,
            "preserve_client_ip": null,
            "protocol": "HTTP",
            "protocol_version": "HTTP1",
            "proxy_protocol_v2": false,
            "slow_start": 0,
            "stickiness": [
              {
                "cookie_duration": 86400,
                "cookie_name": "",
                "enabled": false,
                "type": "lb_cookie"
              }
            ],
            "tags": {
              "Component": "be",
              "Environment": "test",
              "ManagedBy": "terraform",
              "Name": "yec-elevator-test-be-tg",
              "Project": "yec-elevator",
              "Sub-Tag": "Yoma Elevator"
            },
            "tags_all": {
              "Component": "be",
              "Environment": "test",
              "ManagedBy": "terraform",
              "Name": "yec-elevator-test-be-tg",
              "Project": "yec-elevator",
              "Sub-Tag": "Yoma Elevator"
            },
            "target_failover": [
              {
                "on_deregistration": null,
                "on_unhealthy": null
              }
            ],
            "target_group_health": [
              {
                "dns_failover": [
                  {
                    "minimum_healthy_targets_count": "1",
                    "minimum_healthy_targets_percentage": "off"
                  }
                ],
                "unhealthy_state_routing": [
                  {
                    "minimum_healthy_targets_count": 1,
                    "minimum_healthy_targets_percentage": "off"
                  }
                ]
              }
            ],
            "target_health_state": [
              {
                "enable_unhealthy_connection_termination": null,
                "unhealthy_draining_interval": null
              }
            ],
            "target_type": "ip",
            "vpc_id": "vpc-090438837e5826cf3"
          },
          "sensitive_attributes": [],
          "identity_schema_version": 0,
          "private": "bnVsbA==",
          "dependencies": [
            "module.vpc.aws_vpc.this"
          ]
        }
      ]
    },
    {
      "module": "module.alb",
      "mode": "managed",
      "type": "aws_lb_target_group",
      "name": "be_internal",
      "provider": "provider[\"registry.terraform.io/hashicorp/aws\"]",
      "instances": [
        {
          "schema_version": 0,
          "attributes": {
            "arn": "arn:aws:elasticloadbalancing:ap-southeast-1:495113986501:targetgroup/yec-elevator-test-be-int-tg/f314fd86697a7ac8",
            "arn_suffix": "targetgroup/yec-elevator-test-be-int-tg/f314fd86697a7ac8",
            "connection_termination": null,
            "deregistration_delay": "300",
            "health_check": [
              {
                "enabled": true,
                "healthy_threshold": 2,
                "interval": 30,
                "matcher": "200-299",
                "path": "/api/docs",
                "port": "traffic-port",
                "protocol": "HTTP",
                "timeout": 5,
                "unhealthy_threshold": 3
              }
            ],
            "id": "arn:aws:elasticloadbalancing:ap-southeast-1:495113986501:targetgroup/yec-elevator-test-be-int-tg/f314fd86697a7ac8",
            "ip_address_type": "ipv4",
            "lambda_multi_value_headers_enabled": false,
            "load_balancer_arns": [],
            "load_balancing_algorithm_type": "round_robin",
            "load_balancing_anomaly_mitigation": "off",
            "load_balancing_cross_zone_enabled": "use_load_balancer_configuration",
            "name": "yec-elevator-test-be-int-tg",
            "name_prefix": "",
            "port": 3001,
            "preserve_client_ip": null,
            "protocol": "HTTP",
            "protocol_version": "HTTP1",
            "proxy_protocol_v2": false,
            "slow_start": 0,
            "stickiness": [
              {
                "cookie_duration": 86400,
                "cookie_name": "",
                "enabled": false,
                "type": "lb_cookie"
              }
            ],
            "tags": {
              "Component": "be",
              "Environment": "test",
              "ManagedBy": "terraform",
              "Name": "yec-elevator-test-be-int-tg",
              "Project": "yec-elevator",
              "Sub-Tag": "Yoma Elevator"
            },
            "tags_all": {
              "Component": "be",
              "Environment": "test",
              "ManagedBy": "terraform",
              "Name": "yec-elevator-test-be-int-tg",
              "Project": "yec-elevator",
              "Sub-Tag": "Yoma Elevator"
            },
            "target_failover": [
              {
                "on_deregistration": null,
                "on_unhealthy": null
              }
            ],
            "target_group_health": [
              {
                "dns_failover": [
                  {
                    "minimum_healthy_targets_count": "1",
                    "minimum_healthy_targets_percentage": "off"
                  }
                ],
                "unhealthy_state_routing": [
                  {
                    "minimum_healthy_targets_count": 1,
                    "minimum_healthy_targets_percentage": "off"
                  }
                ]
              }
            ],
            "target_health_state": [
              {
                "enable_unhealthy_connection_termination": null,
                "unhealthy_draining_interval": null
              }
            ],
            "target_type": "ip",
            "vpc_id": "vpc-090438837e5826cf3"
          },
          "sensitive_attributes": [],
          "identity_schema_version": 0,
          "private": "bnVsbA==",
          "dependencies": [
            "module.vpc.aws_vpc.this"
          ]
        }
      ]
    },
    {
      "module": "module.alb",
      "mode": "managed",
      "type": "aws_lb_target_group",
      "name": "fe",
      "provider": "provider[\"registry.terraform.io/hashicorp/aws\"]",
      "instances": [
        {
          "schema_version": 0,
          "attributes": {
            "arn": "arn:aws:elasticloadbalancing:ap-southeast-1:495113986501:targetgroup/yec-elevator-test-fe-tg/6ce592f84a137f56",
            "arn_suffix": "targetgroup/yec-elevator-test-fe-tg/6ce592f84a137f56",
            "connection_termination": null,
            "deregistration_delay": "300",
            "health_check": [
              {
                "enabled": true,
                "healthy_threshold": 2,
                "interval": 30,
                "matcher": "200-299",
                "path": "/",
                "port": "traffic-port",
                "protocol": "HTTP",
                "timeout": 5,
                "unhealthy_threshold": 3
              }
            ],
            "id": "arn:aws:elasticloadbalancing:ap-southeast-1:495113986501:targetgroup/yec-elevator-test-fe-tg/6ce592f84a137f56",
            "ip_address_type": "ipv4",
            "lambda_multi_value_headers_enabled": false,
            "load_balancer_arns": [],
            "load_balancing_algorithm_type": "round_robin",
            "load_balancing_anomaly_mitigation": "off",
            "load_balancing_cross_zone_enabled": "use_load_balancer_configuration",
            "name": "yec-elevator-test-fe-tg",
            "name_prefix": "",
            "port": 3000,
            "preserve_client_ip": null,
            "protocol": "HTTP",
            "protocol_version": "HTTP1",
            "proxy_protocol_v2": false,
            "slow_start": 0,
            "stickiness": [
              {
                "cookie_duration": 86400,
                "cookie_name": "",
                "enabled": false,
                "type": "lb_cookie"
              }
            ],
            "tags": {
              "Component": "fe",
              "Environment": "test",
              "ManagedBy": "terraform",
              "Name": "yec-elevator-test-fe-tg",
              "Project": "yec-elevator",
              "Sub-Tag": "Yoma Elevator"
            },
            "tags_all": {
              "Component": "fe",
              "Environment": "test",
              "ManagedBy": "terraform",
              "Name": "yec-elevator-test-fe-tg",
              "Project": "yec-elevator",
              "Sub-Tag": "Yoma Elevator"
            },
            "target_failover": [
              {
                "on_deregistration": null,
                "on_unhealthy": null
              }
            ],
            "target_group_health": [
              {
                "dns_failover": [
                  {
                    "minimum_healthy_targets_count": "1",
                    "minimum_healthy_targets_percentage": "off"
                  }
                ],
                "unhealthy_state_routing": [
                  {
                    "minimum_healthy_targets_count": 1,
                    "minimum_healthy_targets_percentage": "off"
                  }
                ]
              }
            ],
            "target_health_state": [
              {
                "enable_unhealthy_connection_termination": null,
                "unhealthy_draining_interval": null
              }
            ],
            "target_type": "ip",
            "vpc_id": "vpc-090438837e5826cf3"
          },
          "sensitive_attributes": [],
          "identity_schema_version": 0,
          "private": "bnVsbA==",
          "dependencies": [
            "module.vpc.aws_vpc.this"
          ]
        }
      ]
    },
    {
      "module": "module.alb",
      "mode": "managed",
      "type": "aws_security_group",
      "name": "alb_external",
      "provider": "provider[\"registry.terraform.io/hashicorp/aws\"]",
      "instances": [
        {
          "schema_version": 1,
          "attributes": {
            "arn": "arn:aws:ec2:ap-southeast-1:495113986501:security-group/sg-0a9e3ae440cdb65f0",
            "description": "Public ALB ingress",
            "egress": [],
            "id": "sg-0a9e3ae440cdb65f0",
            "ingress": [],
            "name": "yec-elevator-test-alb-external",
            "name_prefix": "",
            "owner_id": "495113986501",
            "revoke_rules_on_delete": false,
            "tags": {
              "Environment": "test",
              "ManagedBy": "terraform",
              "Name": "yec-elevator-test-alb-external",
              "Project": "yec-elevator",
              "Sub-Tag": "Yoma Elevator"
            },
            "tags_all": {
              "Environment": "test",
              "ManagedBy": "terraform",
              "Name": "yec-elevator-test-alb-external",
              "Project": "yec-elevator",
              "Sub-Tag": "Yoma Elevator"
            },
            "timeouts": null,
            "vpc_id": "vpc-090438837e5826cf3"
          },
          "sensitive_attributes": [],
          "identity_schema_version": 0,
          "private": "eyJlMmJmYjczMC1lY2FhLTExZTYtOGY4OC0zNDM2M2JjN2M0YzAiOnsiY3JlYXRlIjo2MDAwMDAwMDAwMDAsImRlbGV0ZSI6OTAwMDAwMDAwMDAwfSwic2NoZW1hX3ZlcnNpb24iOiIxIn0=",
          "dependencies": [
            "module.vpc.aws_vpc.this"
          ]
        }
      ]
    },
    {
      "module": "module.alb",
      "mode": "managed",
      "type": "aws_security_group",
      "name": "alb_internal",
      "provider": "provider[\"registry.terraform.io/hashicorp/aws\"]",
      "instances": [
        {
          "schema_version": 1,
          "attributes": {
            "arn": "arn:aws:ec2:ap-southeast-1:495113986501:security-group/sg-088cb76fc780653ab",
            "description": "Internal ALB ingress (from within VPC)",
            "egress": [],
            "id": "sg-088cb76fc780653ab",
            "ingress": [],
            "name": "yec-elevator-test-alb-internal",
            "name_prefix": "",
            "owner_id": "495113986501",
            "revoke_rules_on_delete": false,
            "tags": {
              "Environment": "test",
              "ManagedBy": "terraform",
              "Name": "yec-elevator-test-alb-internal",
              "Project": "yec-elevator",
              "Sub-Tag": "Yoma Elevator"
            },
            "tags_all": {
              "Environment": "test",
              "ManagedBy": "terraform",
              "Name": "yec-elevator-test-alb-internal",
              "Project": "yec-elevator",
              "Sub-Tag": "Yoma Elevator"
            },
            "timeouts": null,
            "vpc_id": "vpc-090438837e5826cf3"
          },
          "sensitive_attributes": [],
          "identity_schema_version": 0,
          "private": "eyJlMmJmYjczMC1lY2FhLTExZTYtOGY4OC0zNDM2M2JjN2M0YzAiOnsiY3JlYXRlIjo2MDAwMDAwMDAwMDAsImRlbGV0ZSI6OTAwMDAwMDAwMDAwfSwic2NoZW1hX3ZlcnNpb24iOiIxIn0=",
          "dependencies": [
            "module.vpc.aws_vpc.this"
          ]
        }
      ]
    },
    {
      "module": "module.alb",
      "mode": "managed",
      "type": "aws_security_group_rule",
      "name": "alb_ext_egress",
      "provider": "provider[\"registry.terraform.io/hashicorp/aws\"]",
      "instances": [
        {
          "schema_version": 2,
          "attributes": {
            "cidr_blocks": [
              "0.0.0.0/0"
            ],
            "description": null,
            "from_port": 0,
            "id": "sgrule-1567402304",
            "ipv6_cidr_blocks": null,
            "prefix_list_ids": null,
            "protocol": "-1",
            "security_group_id": "sg-0a9e3ae440cdb65f0",
            "security_group_rule_id": "sgr-03763b90596a5debf",
            "self": false,
            "source_security_group_id": null,
            "timeouts": null,
            "to_port": 0,
            "type": "egress"
          },
          "sensitive_attributes": [],
          "identity_schema_version": 0,
          "private": "eyJlMmJmYjczMC1lY2FhLTExZTYtOGY4OC0zNDM2M2JjN2M0YzAiOnsiY3JlYXRlIjozMDAwMDAwMDAwMDB9LCJzY2hlbWFfdmVyc2lvbiI6IjIifQ==",
          "dependencies": [
            "module.alb.aws_security_group.alb_external",
            "module.vpc.aws_vpc.this"
          ]
        }
      ]
    },
    {
      "module": "module.alb",
      "mode": "managed",
      "type": "aws_security_group_rule",
      "name": "alb_ext_http",
      "provider": "provider[\"registry.terraform.io/hashicorp/aws\"]",
      "instances": [
        {
          "schema_version": 2,
          "attributes": {
            "cidr_blocks": [
              "0.0.0.0/0"
            ],
            "description": null,
            "from_port": 80,
            "id": "sgrule-3218658352",
            "ipv6_cidr_blocks": null,
            "prefix_list_ids": null,
            "protocol": "tcp",
            "security_group_id": "sg-0a9e3ae440cdb65f0",
            "security_group_rule_id": "sgr-05d8d7ff8f8434d9c",
            "self": false,
            "source_security_group_id": null,
            "timeouts": null,
            "to_port": 80,
            "type": "ingress"
          },
          "sensitive_attributes": [],
          "identity_schema_version": 0,
          "private": "eyJlMmJmYjczMC1lY2FhLTExZTYtOGY4OC0zNDM2M2JjN2M0YzAiOnsiY3JlYXRlIjozMDAwMDAwMDAwMDB9LCJzY2hlbWFfdmVyc2lvbiI6IjIifQ==",
          "dependencies": [
            "module.alb.aws_security_group.alb_external",
            "module.vpc.aws_vpc.this"
          ]
        }
      ]
    },
    {
      "module": "module.alb",
      "mode": "managed",
      "type": "aws_security_group_rule",
      "name": "alb_ext_https",
      "provider": "provider[\"registry.terraform.io/hashicorp/aws\"]",
      "instances": [
        {
          "schema_version": 2,
          "attributes": {
            "cidr_blocks": [
              "0.0.0.0/0"
            ],
            "description": null,
            "from_port": 443,
            "id": "sgrule-4175166740",
            "ipv6_cidr_blocks": null,
            "prefix_list_ids": null,
            "protocol": "tcp",
            "security_group_id": "sg-0a9e3ae440cdb65f0",
            "security_group_rule_id": "sgr-0d470ceb76b98767b",
            "self": false,
            "source_security_group_id": null,
            "timeouts": null,
            "to_port": 443,
            "type": "ingress"
          },
          "sensitive_attributes": [],
          "identity_schema_version": 0,
          "private": "eyJlMmJmYjczMC1lY2FhLTExZTYtOGY4OC0zNDM2M2JjN2M0YzAiOnsiY3JlYXRlIjozMDAwMDAwMDAwMDB9LCJzY2hlbWFfdmVyc2lvbiI6IjIifQ==",
          "dependencies": [
            "module.alb.aws_security_group.alb_external",
            "module.vpc.aws_vpc.this"
          ]
        }
      ]
    },
    {
      "module": "module.alb",
      "mode": "managed",
      "type": "aws_security_group_rule",
      "name": "alb_int_egress",
      "provider": "provider[\"registry.terraform.io/hashicorp/aws\"]",
      "instances": [
        {
          "schema_version": 2,
          "attributes": {
            "cidr_blocks": [
              "0.0.0.0/0"
            ],
            "description": null,
            "from_port": 0,
            "id": "sgrule-744451900",
            "ipv6_cidr_blocks": null,
            "prefix_list_ids": null,
            "protocol": "-1",
            "security_group_id": "sg-088cb76fc780653ab",
            "security_group_rule_id": "sgr-00de65fa1284e4458",
            "self": false,
            "source_security_group_id": null,
            "timeouts": null,
            "to_port": 0,
            "type": "egress"
          },
          "sensitive_attributes": [],
          "identity_schema_version": 0,
          "private": "eyJlMmJmYjczMC1lY2FhLTExZTYtOGY4OC0zNDM2M2JjN2M0YzAiOnsiY3JlYXRlIjozMDAwMDAwMDAwMDB9LCJzY2hlbWFfdmVyc2lvbiI6IjIifQ==",
          "dependencies": [
            "module.alb.aws_security_group.alb_internal",
            "module.vpc.aws_vpc.this"
          ]
        }
      ]
    },
    {
      "module": "module.alb",
      "mode": "managed",
      "type": "aws_security_group_rule",
      "name": "alb_int_http",
      "provider": "provider[\"registry.terraform.io/hashicorp/aws\"]",
      "instances": [
        {
          "schema_version": 2,
          "attributes": {
            "cidr_blocks": [
              "10.70.0.0/16"
            ],
            "description": null,
            "from_port": 80,
            "id": "sgrule-3608301066",
            "ipv6_cidr_blocks": null,
            "prefix_list_ids": null,
            "protocol": "tcp",
            "security_group_id": "sg-088cb76fc780653ab",
            "security_group_rule_id": "sgr-038c7413da1030960",
            "self": false,
            "source_security_group_id": null,
            "timeouts": null,
            "to_port": 80,
            "type": "ingress"
          },
          "sensitive_attributes": [],
          "identity_schema_version": 0,
          "private": "eyJlMmJmYjczMC1lY2FhLTExZTYtOGY4OC0zNDM2M2JjN2M0YzAiOnsiY3JlYXRlIjozMDAwMDAwMDAwMDB9LCJzY2hlbWFfdmVyc2lvbiI6IjIifQ==",
          "dependencies": [
            "module.alb.aws_security_group.alb_internal",
            "module.vpc.aws_vpc.this"
          ]
        }
      ]
    },
    {
      "module": "module.cloudfront",
      "mode": "data",
      "type": "aws_cloudfront_cache_policy",
      "name": "caching_optimized",
      "provider": "provider[\"registry.terraform.io/hashicorp/aws\"]",
      "instances": [
        {
          "schema_version": 0,
          "attributes": {
            "arn": "arn:aws:cloudfront::495113986501:cache-policy/658327ea-f89d-4fab-a63d-7e88639e58f6",
            "comment": "Policy with caching enabled. Supports Gzip and Brotli compression.",
            "default_ttl": 86400,
            "etag": "E23ZP02F085DFQ",
            "id": "658327ea-f89d-4fab-a63d-7e88639e58f6",
            "max_ttl": 31536000,
            "min_ttl": 1,
            "name": "Managed-CachingOptimized",
            "parameters_in_cache_key_and_forwarded_to_origin": [
              {
                "cookies_config": [
                  {
                    "cookie_behavior": "none",
                    "cookies": []
                  }
                ],
                "enable_accept_encoding_brotli": true,
                "enable_accept_encoding_gzip": true,
                "headers_config": [
                  {
                    "header_behavior": "none",
                    "headers": []
                  }
                ],
                "query_strings_config": [
                  {
                    "query_string_behavior": "none",
                    "query_strings": []
                  }
                ]
              }
            ]
          },
          "sensitive_attributes": [],
          "identity_schema_version": 0
        }
      ]
    },
    {
      "module": "module.cloudfront",
      "mode": "data",
      "type": "aws_cloudfront_origin_request_policy",
      "name": "all_viewer",
      "provider": "provider[\"registry.terraform.io/hashicorp/aws\"]",
      "instances": [
        {
          "schema_version": 0,
          "attributes": {
            "arn": "arn:aws:cloudfront::495113986501:origin-request-policy/216adef6-5c7f-47e4-b989-5492eafa07d3",
            "comment": "Policy to forward all parameters in viewer requests",
            "cookies_config": [
              {
                "cookie_behavior": "all",
                "cookies": []
              }
            ],
            "etag": "E23ZP02F085DFQ",
            "headers_config": [
              {
                "header_behavior": "allViewer",
                "headers": []
              }
            ],
            "id": "216adef6-5c7f-47e4-b989-5492eafa07d3",
            "name": "Managed-AllViewer",
            "query_strings_config": [
              {
                "query_string_behavior": "all",
                "query_strings": []
              }
            ]
          },
          "sensitive_attributes": [],
          "identity_schema_version": 0
        }
      ]
    },
    {
      "module": "module.cloudfront",
      "mode": "managed",
      "type": "aws_cloudfront_distribution",
      "name": "this",
      "provider": "provider[\"registry.terraform.io/hashicorp/aws\"]",
      "instances": [
        {
          "schema_version": 1,
          "attributes": {
            "aliases": null,
            "arn": "arn:aws:cloudfront::495113986501:distribution/EBRBZM0PEDTSV",
            "caller_reference": "terraform-20260707080535629400000009",
            "comment": "yec-elevator test app",
            "continuous_deployment_policy_id": "",
            "custom_error_response": [],
            "default_cache_behavior": [
              {
                "allowed_methods": [
                  "DELETE",
                  "GET",
                  "HEAD",
                  "OPTIONS",
                  "PATCH",
                  "POST",
                  "PUT"
                ],
                "cache_policy_id": "658327ea-f89d-4fab-a63d-7e88639e58f6",
                "cached_methods": [
                  "GET",
                  "HEAD"
                ],
                "compress": false,
                "default_ttl": 0,
                "field_level_encryption_id": "",
                "forwarded_values": [],
                "function_association": [
                  {
                    "event_type": "viewer-request",
                    "function_arn": "arn:aws:cloudfront::495113986501:function/yec-elevator-test-host-check"
                  }
                ],
                "grpc_config": [
                  {
                    "enabled": false
                  }
                ],
                "lambda_function_association": [],
                "max_ttl": 0,
                "min_ttl": 0,
                "origin_request_policy_id": "216adef6-5c7f-47e4-b989-5492eafa07d3",
                "realtime_log_config_arn": "",
                "response_headers_policy_id": "",
                "smooth_streaming": false,
                "target_origin_id": "yec-elevator-test-alb",
                "trusted_key_groups": [],
                "trusted_signers": [],
                "viewer_protocol_policy": "redirect-to-https"
              }
            ],
            "default_root_object": "",
            "domain_name": "dip772l2aldjq.cloudfront.net",
            "enabled": true,
            "etag": "E23ZP02F085DFQ",
            "hosted_zone_id": "Z2FDTNDATAQYW2",
            "http_version": "http2",
            "id": "EBRBZM0PEDTSV",
            "in_progress_validation_batches": 0,
            "is_ipv6_enabled": true,
            "last_modified_time": "2026-07-07 08:05:36.826 +0000 UTC",
            "logging_config": [],
            "ordered_cache_behavior": [],
            "origin": [
              {
                "connection_attempts": 3,
                "connection_timeout": 10,
                "custom_header": [],
                "custom_origin_config": [
                  {
                    "http_port": 80,
                    "https_port": 443,
                    "origin_keepalive_timeout": 5,
                    "origin_protocol_policy": "https-only",
                    "origin_read_timeout": 30,
                    "origin_ssl_protocols": [
                      "TLSv1.2"
                    ]
                  }
                ],
                "domain_name": "yec-elevator-test-alb-external-1529372750.ap-southeast-1.elb.amazonaws.com",
                "origin_access_control_id": "",
                "origin_id": "yec-elevator-test-alb",
                "origin_path": "",
                "origin_shield": [],
                "s3_origin_config": [],
                "vpc_origin_config": []
              }
            ],
            "origin_group": [],
            "price_class": "PriceClass_All",
            "restrictions": [
              {
                "geo_restriction": [
                  {
                    "locations": [],
                    "restriction_type": "none"
                  }
                ]
              }
            ],
            "retain_on_delete": false,
            "staging": false,
            "status": "Deployed",
            "tags": {
              "Environment": "test",
              "ManagedBy": "terraform",
              "Project": "yec-elevator",
              "Sub-Tag": "Yoma Elevator"
            },
            "tags_all": {
              "Environment": "test",
              "ManagedBy": "terraform",
              "Project": "yec-elevator",
              "Sub-Tag": "Yoma Elevator"
            },
            "trusted_key_groups": [
              {
                "enabled": false,
                "items": []
              }
            ],
            "trusted_signers": [
              {
                "enabled": false,
                "items": []
              }
            ],
            "viewer_certificate": [
              {
                "acm_certificate_arn": "",
                "cloudfront_default_certificate": true,
                "iam_certificate_id": "",
                "minimum_protocol_version": "TLSv1",
                "ssl_support_method": ""
              }
            ],
            "wait_for_deployment": true,
            "web_acl_id": "arn:aws:wafv2:us-east-1:495113986501:global/webacl/yec-elevator-test-waf/89c61edd-621f-41e3-8423-cffdd226b93b"
          },
          "sensitive_attributes": [],
          "identity_schema_version": 0,
          "private": "eyJzY2hlbWFfdmVyc2lvbiI6IjEifQ==",
          "dependencies": [
            "module.alb.aws_lb.external",
            "module.alb.aws_security_group.alb_external",
            "module.cloudfront.aws_cloudfront_function.host_check",
            "module.cloudfront.data.aws_cloudfront_cache_policy.caching_optimized",
            "module.cloudfront.data.aws_cloudfront_origin_request_policy.all_viewer",
            "module.vpc.aws_subnet.public",
            "module.vpc.aws_vpc.this",
            "module.waf.aws_wafv2_web_acl.this"
          ]
        }
      ]
    },
    {
      "module": "module.cloudfront",
      "mode": "managed",
      "type": "aws_cloudfront_function",
      "name": "host_check",
      "provider": "provider[\"registry.terraform.io/hashicorp/aws\"]",
      "instances": [
        {
          "index_key": 0,
          "schema_version": 0,
          "attributes": {
            "arn": "arn:aws:cloudfront::495113986501:function/yec-elevator-test-host-check",
            "code": "function handler(event) {\n  return event.request;\n}\n",
            "comment": "Host header check",
            "etag": "ETVPDKIKX0DER",
            "id": "yec-elevator-test-host-check",
            "key_value_store_associations": null,
            "live_stage_etag": "ETVPDKIKX0DER",
            "name": "yec-elevator-test-host-check",
            "publish": true,
            "runtime": "cloudfront-js-2.0",
            "status": "UNASSOCIATED"
          },
          "sensitive_attributes": [],
          "identity_schema_version": 0,
          "private": "bnVsbA=="
        }
      ]
    },
    {
      "module": "module.cloudwatch",
      "mode": "managed",
      "type": "aws_cloudwatch_log_group",
      "name": "ecs",
      "provider": "provider[\"registry.terraform.io/hashicorp/aws\"]",
      "instances": [
        {
          "index_key": "be",
          "schema_version": 0,
          "attributes": {
            "arn": "arn:aws:logs:ap-southeast-1:495113986501:log-group:/ecs/yec-elevator-test/be",
            "id": "/ecs/yec-elevator-test/be",
            "kms_key_id": "",
            "log_group_class": "STANDARD",
            "name": "/ecs/yec-elevator-test/be",
            "name_prefix": "",
            "retention_in_days": 30,
            "skip_destroy": false,
            "tags": {
              "Component": "be",
              "Environment": "test",
              "ManagedBy": "terraform",
              "Project": "yec-elevator",
              "Sub-Tag": "Yoma Elevator"
            },
            "tags_all": {
              "Component": "be",
              "Environment": "test",
              "ManagedBy": "terraform",
              "Project": "yec-elevator",
              "Sub-Tag": "Yoma Elevator"
            }
          },
          "sensitive_attributes": [],
          "identity_schema_version": 0,
          "private": "bnVsbA=="
        },
        {
          "index_key": "fe",
          "schema_version": 0,
          "attributes": {
            "arn": "arn:aws:logs:ap-southeast-1:495113986501:log-group:/ecs/yec-elevator-test/fe",
            "id": "/ecs/yec-elevator-test/fe",
            "kms_key_id": "",
            "log_group_class": "STANDARD",
            "name": "/ecs/yec-elevator-test/fe",
            "name_prefix": "",
            "retention_in_days": 30,
            "skip_destroy": false,
            "tags": {
              "Component": "fe",
              "Environment": "test",
              "ManagedBy": "terraform",
              "Project": "yec-elevator",
              "Sub-Tag": "Yoma Elevator"
            },
            "tags_all": {
              "Component": "fe",
              "Environment": "test",
              "ManagedBy": "terraform",
              "Project": "yec-elevator",
              "Sub-Tag": "Yoma Elevator"
            }
          },
          "sensitive_attributes": [],
          "identity_schema_version": 0,
          "private": "bnVsbA=="
        }
      ]
    },
    {
      "module": "module.ecr",
      "mode": "managed",
      "type": "aws_ecr_lifecycle_policy",
      "name": "this",
      "provider": "provider[\"registry.terraform.io/hashicorp/aws\"]",
      "instances": [
        {
          "index_key": "be",
          "schema_version": 0,
          "attributes": {
            "id": "yec-elevator-test-be",
            "policy": "{\"rules\":[{\"action\":{\"type\":\"expire\"},\"description\":\"Keep only the newest 20 images\",\"rulePriority\":1,\"selection\":{\"countNumber\":20,\"countType\":\"imageCountMoreThan\",\"tagStatus\":\"any\"}}]}",
            "registry_id": "495113986501",
            "repository": "yec-elevator-test-be"
          },
          "sensitive_attributes": [],
          "identity_schema_version": 0,
          "private": "bnVsbA==",
          "dependencies": [
            "module.ecr.aws_ecr_repository.this"
          ]
        },
        {
          "index_key": "fe",
          "schema_version": 0,
          "attributes": {
            "id": "yec-elevator-test-fe",
            "policy": "{\"rules\":[{\"action\":{\"type\":\"expire\"},\"description\":\"Keep only the newest 20 images\",\"rulePriority\":1,\"selection\":{\"countNumber\":20,\"countType\":\"imageCountMoreThan\",\"tagStatus\":\"any\"}}]}",
            "registry_id": "495113986501",
            "repository": "yec-elevator-test-fe"
          },
          "sensitive_attributes": [],
          "identity_schema_version": 0,
          "private": "bnVsbA==",
          "dependencies": [
            "module.ecr.aws_ecr_repository.this"
          ]
        }
      ]
    },
    {
      "module": "module.ecr",
      "mode": "managed",
      "type": "aws_ecr_repository",
      "name": "this",
      "provider": "provider[\"registry.terraform.io/hashicorp/aws\"]",
      "instances": [
        {
          "index_key": "be",
          "schema_version": 0,
          "attributes": {
            "arn": "arn:aws:ecr:ap-southeast-1:495113986501:repository/yec-elevator-test-be",
            "encryption_configuration": [
              {
                "encryption_type": "AES256",
                "kms_key": ""
              }
            ],
            "force_delete": false,
            "id": "yec-elevator-test-be",
            "image_scanning_configuration": [
              {
                "scan_on_push": true
              }
            ],
            "image_tag_mutability": "MUTABLE",
            "name": "yec-elevator-test-be",
            "registry_id": "495113986501",
            "repository_url": "495113986501.dkr.ecr.ap-southeast-1.amazonaws.com/yec-elevator-test-be",
            "tags": {
              "Component": "be",
              "Environment": "test",
              "ManagedBy": "terraform",
              "Name": "yec-elevator-test-be",
              "Project": "yec-elevator",
              "Sub-Tag": "Yoma Elevator"
            },
            "tags_all": {
              "Component": "be",
              "Environment": "test",
              "ManagedBy": "terraform",
              "Name": "yec-elevator-test-be",
              "Project": "yec-elevator",
              "Sub-Tag": "Yoma Elevator"
            },
            "timeouts": null
          },
          "sensitive_attributes": [],
          "identity_schema_version": 0,
          "private": "eyJlMmJmYjczMC1lY2FhLTExZTYtOGY4OC0zNDM2M2JjN2M0YzAiOnsiZGVsZXRlIjoxMjAwMDAwMDAwMDAwfX0="
        },
        {
          "index_key": "fe",
          "schema_version": 0,
          "attributes": {
            "arn": "arn:aws:ecr:ap-southeast-1:495113986501:repository/yec-elevator-test-fe",
            "encryption_configuration": [
              {
                "encryption_type": "AES256",
                "kms_key": ""
              }
            ],
            "force_delete": false,
            "id": "yec-elevator-test-fe",
            "image_scanning_configuration": [
              {
                "scan_on_push": true
              }
            ],
            "image_tag_mutability": "MUTABLE",
            "name": "yec-elevator-test-fe",
            "registry_id": "495113986501",
            "repository_url": "495113986501.dkr.ecr.ap-southeast-1.amazonaws.com/yec-elevator-test-fe",
            "tags": {
              "Component": "fe",
              "Environment": "test",
              "ManagedBy": "terraform",
              "Name": "yec-elevator-test-fe",
              "Project": "yec-elevator",
              "Sub-Tag": "Yoma Elevator"
            },
            "tags_all": {
              "Component": "fe",
              "Environment": "test",
              "ManagedBy": "terraform",
              "Name": "yec-elevator-test-fe",
              "Project": "yec-elevator",
              "Sub-Tag": "Yoma Elevator"
            },
            "timeouts": null
          },
          "sensitive_attributes": [],
          "identity_schema_version": 0,
          "private": "eyJlMmJmYjczMC1lY2FhLTExZTYtOGY4OC0zNDM2M2JjN2M0YzAiOnsiZGVsZXRlIjoxMjAwMDAwMDAwMDAwfX0="
        }
      ]
    },
    {
      "module": "module.ecs",
      "mode": "managed",
      "type": "aws_ecs_cluster",
      "name": "this",
      "provider": "provider[\"registry.terraform.io/hashicorp/aws\"]",
      "instances": [
        {
          "schema_version": 0,
          "attributes": {
            "arn": "arn:aws:ecs:ap-southeast-1:495113986501:cluster/yec-elevator-test-ecs",
            "configuration": [],
            "id": "arn:aws:ecs:ap-southeast-1:495113986501:cluster/yec-elevator-test-ecs",
            "name": "yec-elevator-test-ecs",
            "service_connect_defaults": [],
            "setting": [
              {
                "name": "containerInsights",
                "value": "enabled"
              }
            ],
            "tags": {
              "Environment": "test",
              "ManagedBy": "terraform",
              "Name": "yec-elevator-test-ecs",
              "Project": "yec-elevator",
              "Sub-Tag": "Yoma Elevator"
            },
            "tags_all": {
              "Environment": "test",
              "ManagedBy": "terraform",
              "Name": "yec-elevator-test-ecs",
              "Project": "yec-elevator",
              "Sub-Tag": "Yoma Elevator"
            }
          },
          "sensitive_attributes": [],
          "identity_schema_version": 0,
          "private": "bnVsbA=="
        }
      ]
    },
    {
      "module": "module.ecs",
      "mode": "managed",
      "type": "aws_ecs_cluster_capacity_providers",
      "name": "this",
      "provider": "provider[\"registry.terraform.io/hashicorp/aws\"]",
      "instances": [
        {
          "schema_version": 0,
          "attributes": {
            "capacity_providers": [
              "FARGATE",
              "FARGATE_SPOT"
            ],
            "cluster_name": "yec-elevator-test-ecs",
            "default_capacity_provider_strategy": [
              {
                "base": 0,
                "capacity_provider": "FARGATE",
                "weight": 1
              }
            ],
            "id": "yec-elevator-test-ecs"
          },
          "sensitive_attributes": [],
          "identity_schema_version": 0,
          "private": "bnVsbA==",
          "dependencies": [
            "module.ecs.aws_ecs_cluster.this"
          ]
        }
      ]
    },
    {
      "module": "module.ecs_be",
      "mode": "managed",
      "type": "aws_appautoscaling_policy",
      "name": "cpu",
      "provider": "provider[\"registry.terraform.io/hashicorp/aws\"]",
      "instances": [
        {
          "schema_version": 0,
          "attributes": {
            "alarm_arns": [
              "arn:aws:cloudwatch:ap-southeast-1:495113986501:alarm:TargetTracking-service/yec-elevator-test-ecs/yec-elevator-test-be-AlarmHigh-2b0f226f-8dad-4162-9711-570e3cd4164c",
              "arn:aws:cloudwatch:ap-southeast-1:495113986501:alarm:TargetTracking-service/yec-elevator-test-ecs/yec-elevator-test-be-AlarmLow-31c81e41-eb2a-4e3a-b32b-ee80bc0ea2b2"
            ],
            "arn": "arn:aws:autoscaling:ap-southeast-1:495113986501:scalingPolicy:53066c35-c669-4f0e-9659-04e6b1db07be:resource/ecs/service/yec-elevator-test-ecs/yec-elevator-test-be:policyName/yec-elevator-test-be-cpu",
            "id": "yec-elevator-test-be-cpu",
            "name": "yec-elevator-test-be-cpu",
            "policy_type": "TargetTrackingScaling",
            "resource_id": "service/yec-elevator-test-ecs/yec-elevator-test-be",
            "scalable_dimension": "ecs:service:DesiredCount",
            "service_namespace": "ecs",
            "step_scaling_policy_configuration": [],
            "target_tracking_scaling_policy_configuration": [
              {
                "customized_metric_specification": [],
                "disable_scale_in": false,
                "predefined_metric_specification": [
                  {
                    "predefined_metric_type": "ECSServiceAverageCPUUtilization",
                    "resource_label": ""
                  }
                ],
                "scale_in_cooldown": 0,
                "scale_out_cooldown": 0,
                "target_value": 70
              }
            ]
          },
          "sensitive_attributes": [],
          "identity_schema_version": 0,
          "private": "bnVsbA==",
          "dependencies": [
            "module.alb.aws_lb_target_group.be",
            "module.alb.aws_lb_target_group.be_internal",
            "module.cloudwatch.aws_cloudwatch_log_group.ecs",
            "module.ecs.aws_ecs_cluster.this",
            "module.ecs_be.aws_appautoscaling_target.this",
            "module.ecs_be.aws_ecs_service.this",
            "module.ecs_be.aws_ecs_task_definition.this",
            "module.ecs_be.aws_security_group.task",
            "module.iam.aws_iam_role.task",
            "module.iam.aws_iam_role.task_execution",
            "module.iam.data.aws_iam_policy_document.ecs_assume",
            "module.vpc.aws_subnet.private",
            "module.vpc.aws_vpc.this"
          ]
        }
      ]
    },
    {
      "module": "module.ecs_be",
      "mode": "managed",
      "type": "aws_appautoscaling_target",
      "name": "this",
      "provider": "provider[\"registry.terraform.io/hashicorp/aws\"]",
      "instances": [
        {
          "schema_version": 0,
          "attributes": {
            "arn": "arn:aws:application-autoscaling:ap-southeast-1:495113986501:scalable-target/0ec553066c35c6694f0e965904e6b1db07be",
            "id": "service/yec-elevator-test-ecs/yec-elevator-test-be",
            "max_capacity": 4,
            "min_capacity": 1,
            "resource_id": "service/yec-elevator-test-ecs/yec-elevator-test-be",
            "role_arn": "arn:aws:iam::495113986501:role/aws-service-role/ecs.application-autoscaling.amazonaws.com/AWSServiceRoleForApplicationAutoScaling_ECSService",
            "scalable_dimension": "ecs:service:DesiredCount",
            "service_namespace": "ecs",
            "suspended_state": [
              {
                "dynamic_scaling_in_suspended": false,
                "dynamic_scaling_out_suspended": false,
                "scheduled_scaling_suspended": false
              }
            ],
            "tags": null,
            "tags_all": {
              "Environment": "test",
              "ManagedBy": "terraform",
              "Project": "yec-elevator",
              "Sub-Tag": "Yoma Elevator"
            }
          },
          "sensitive_attributes": [],
          "identity_schema_version": 0,
          "private": "bnVsbA==",
          "dependencies": [
            "module.alb.aws_lb_target_group.be",
            "module.alb.aws_lb_target_group.be_internal",
            "module.cloudwatch.aws_cloudwatch_log_group.ecs",
            "module.ecs.aws_ecs_cluster.this",
            "module.ecs_be.aws_ecs_service.this",
            "module.ecs_be.aws_ecs_task_definition.this",
            "module.ecs_be.aws_security_group.task",
            "module.iam.aws_iam_role.task",
            "module.iam.aws_iam_role.task_execution",
            "module.iam.data.aws_iam_policy_document.ecs_assume",
            "module.vpc.aws_subnet.private",
            "module.vpc.aws_vpc.this"
          ]
        }
      ]
    },
    {
      "module": "module.ecs_be",
      "mode": "managed",
      "type": "aws_ecs_service",
      "name": "this",
      "provider": "provider[\"registry.terraform.io/hashicorp/aws\"]",
      "instances": [
        {
          "schema_version": 1,
          "attributes": {
            "alarms": [],
            "availability_zone_rebalancing": "DISABLED",
            "capacity_provider_strategy": [],
            "cluster": "arn:aws:ecs:ap-southeast-1:495113986501:cluster/yec-elevator-test-ecs",
            "deployment_circuit_breaker": [
              {
                "enable": false,
                "rollback": false
              }
            ],
            "deployment_controller": [
              {
                "type": "ECS"
              }
            ],
            "deployment_maximum_percent": 200,
            "deployment_minimum_healthy_percent": 100,
            "desired_count": 0,
            "enable_ecs_managed_tags": false,
            "enable_execute_command": false,
            "force_delete": null,
            "force_new_deployment": null,
            "health_check_grace_period_seconds": 0,
            "iam_role": "/aws-service-role/ecs.amazonaws.com/AWSServiceRoleForECS",
            "id": "arn:aws:ecs:ap-southeast-1:495113986501:service/yec-elevator-test-ecs/yec-elevator-test-be",
            "launch_type": "FARGATE",
            "load_balancer": [
              {
                "container_name": "be",
                "container_port": 3001,
                "elb_name": "",
                "target_group_arn": "arn:aws:elasticloadbalancing:ap-southeast-1:495113986501:targetgroup/yec-elevator-test-be-int-tg/f314fd86697a7ac8"
              },
              {
                "container_name": "be",
                "container_port": 3001,
                "elb_name": "",
                "target_group_arn": "arn:aws:elasticloadbalancing:ap-southeast-1:495113986501:targetgroup/yec-elevator-test-be-tg/04b32076a0d0c622"
              }
            ],
            "name": "yec-elevator-test-be",
            "network_configuration": [
              {
                "assign_public_ip": false,
                "security_groups": [
                  "sg-09e35abc85c064c42"
                ],
                "subnets": [
                  "subnet-067b755c8ed3fbe2c",
                  "subnet-0ab5444aeab87fecc",
                  "subnet-0db73c2e8cff2af98"
                ]
              }
            ],
            "ordered_placement_strategy": [],
            "placement_constraints": [],
            "platform_version": "LATEST",
            "propagate_tags": "NONE",
            "scheduling_strategy": "REPLICA",
            "service_connect_configuration": [],
            "service_registries": [],
            "tags": {
              "Component": "be",
              "Environment": "test",
              "ManagedBy": "terraform",
              "Project": "yec-elevator",
              "Sub-Tag": "Yoma Elevator"
            },
            "tags_all": {
              "Component": "be",
              "Environment": "test",
              "ManagedBy": "terraform",
              "Project": "yec-elevator",
              "Sub-Tag": "Yoma Elevator"
            },
            "task_definition": "arn:aws:ecs:ap-southeast-1:495113986501:task-definition/yec-elevator-test-be:2",
            "timeouts": null,
            "triggers": {},
            "volume_configuration": [],
            "vpc_lattice_configurations": [],
            "wait_for_steady_state": false
          },
          "sensitive_attributes": [],
          "identity_schema_version": 0,
          "private": "eyJlMmJmYjczMC1lY2FhLTExZTYtOGY4OC0zNDM2M2JjN2M0YzAiOnsiY3JlYXRlIjoxMjAwMDAwMDAwMDAwLCJkZWxldGUiOjEyMDAwMDAwMDAwMDAsInVwZGF0ZSI6MTIwMDAwMDAwMDAwMH0sInNjaGVtYV92ZXJzaW9uIjoiMSJ9",
          "dependencies": [
            "module.alb.aws_lb_target_group.be",
            "module.alb.aws_lb_target_group.be_internal",
            "module.cloudwatch.aws_cloudwatch_log_group.ecs",
            "module.ecs.aws_ecs_cluster.this",
            "module.ecs_be.aws_ecs_task_definition.this",
            "module.ecs_be.aws_security_group.task",
            "module.iam.aws_iam_role.task",
            "module.iam.aws_iam_role.task_execution",
            "module.iam.data.aws_iam_policy_document.ecs_assume",
            "module.vpc.aws_subnet.private",
            "module.vpc.aws_vpc.this"
          ]
        }
      ]
    },
    {
      "module": "module.ecs_be",
      "mode": "managed",
      "type": "aws_ecs_task_definition",
      "name": "this",
      "provider": "provider[\"registry.terraform.io/hashicorp/aws\"]",
      "instances": [
        {
          "schema_version": 1,
          "attributes": {
            "arn": "arn:aws:ecs:ap-southeast-1:495113986501:task-definition/yec-elevator-test-be:2",
            "arn_without_revision": "arn:aws:ecs:ap-southeast-1:495113986501:task-definition/yec-elevator-test-be",
            "container_definitions": "[{\"environment\":[],\"essential\":true,\"image\":\"public.ecr.aws/nginx/nginx:latest\",\"logConfiguration\":{\"logDriver\":\"awslogs\",\"options\":{\"awslogs-stream-prefix\":\"be\",\"awslogs-group\":\"/ecs/yec-elevator-test/be\",\"awslogs-region\":\"ap-southeast-1\"}},\"mountPoints\":[],\"name\":\"be\",\"portMappings\":[{\"containerPort\":3001,\"hostPort\":3001,\"protocol\":\"tcp\"}],\"secrets\":[],\"systemControls\":[],\"volumesFrom\":[]}]",
            "cpu": "1024",
            "enable_fault_injection": false,
            "ephemeral_storage": [],
            "execution_role_arn": "arn:aws:iam::495113986501:role/yec-elevator-test-ecs-task-execution",
            "family": "yec-elevator-test-be",
            "id": "yec-elevator-test-be",
            "inference_accelerator": [],
            "ipc_mode": "",
            "memory": "2048",
            "network_mode": "awsvpc",
            "pid_mode": "",
            "placement_constraints": [],
            "proxy_configuration": [],
            "requires_compatibilities": [
              "FARGATE"
            ],
            "revision": 2,
            "runtime_platform": [],
            "skip_destroy": false,
            "tags": {
              "Component": "be",
              "Environment": "test",
              "ManagedBy": "terraform",
              "Project": "yec-elevator",
              "Sub-Tag": "Yoma Elevator"
            },
            "tags_all": {
              "Component": "be",
              "Environment": "test",
              "ManagedBy": "terraform",
              "Project": "yec-elevator",
              "Sub-Tag": "Yoma Elevator"
            },
            "task_role_arn": "arn:aws:iam::495113986501:role/yec-elevator-test-be-task",
            "track_latest": false,
            "volume": []
          },
          "sensitive_attributes": [],
          "identity_schema_version": 0,
          "private": "eyJzY2hlbWFfdmVyc2lvbiI6IjEifQ==",
          "dependencies": [
            "module.cloudwatch.aws_cloudwatch_log_group.ecs",
            "module.iam.aws_iam_role.task",
            "module.iam.aws_iam_role.task_execution",
            "module.iam.data.aws_iam_policy_document.ecs_assume"
          ]
        }
      ]
    },
    {
      "module": "module.ecs_be",
      "mode": "managed",
      "type": "aws_security_group",
      "name": "task",
      "provider": "provider[\"registry.terraform.io/hashicorp/aws\"]",
      "instances": [
        {
          "schema_version": 1,
          "attributes": {
            "arn": "arn:aws:ec2:ap-southeast-1:495113986501:security-group/sg-09e35abc85c064c42",
            "description": "be ECS task - ingress from ALB only",
            "egress": [],
            "id": "sg-09e35abc85c064c42",
            "ingress": [],
            "name": "yec-elevator-test-be-task",
            "name_prefix": "",
            "owner_id": "495113986501",
            "revoke_rules_on_delete": false,
            "tags": {
              "Component": "be",
              "Environment": "test",
              "ManagedBy": "terraform",
              "Name": "yec-elevator-test-be-task",
              "Project": "yec-elevator",
              "Sub-Tag": "Yoma Elevator"
            },
            "tags_all": {
              "Component": "be",
              "Environment": "test",
              "ManagedBy": "terraform",
              "Name": "yec-elevator-test-be-task",
              "Project": "yec-elevator",
              "Sub-Tag": "Yoma Elevator"
            },
            "timeouts": null,
            "vpc_id": "vpc-090438837e5826cf3"
          },
          "sensitive_attributes": [],
          "identity_schema_version": 0,
          "private": "eyJlMmJmYjczMC1lY2FhLTExZTYtOGY4OC0zNDM2M2JjN2M0YzAiOnsiY3JlYXRlIjo2MDAwMDAwMDAwMDAsImRlbGV0ZSI6OTAwMDAwMDAwMDAwfSwic2NoZW1hX3ZlcnNpb24iOiIxIn0=",
          "dependencies": [
            "module.vpc.aws_vpc.this"
          ]
        }
      ]
    },
    {
      "module": "module.ecs_be",
      "mode": "managed",
      "type": "aws_security_group_rule",
      "name": "from_alb",
      "provider": "provider[\"registry.terraform.io/hashicorp/aws\"]",
      "instances": [
        {
          "schema_version": 2,
          "attributes": {
            "cidr_blocks": null,
            "description": "From ALB",
            "from_port": 3001,
            "id": "sgrule-3268870020",
            "ipv6_cidr_blocks": null,
            "prefix_list_ids": null,
            "protocol": "tcp",
            "security_group_id": "sg-09e35abc85c064c42",
            "security_group_rule_id": "sgr-0f8fec8a95c774d85",
            "self": false,
            "source_security_group_id": "sg-0a9e3ae440cdb65f0",
            "timeouts": null,
            "to_port": 3001,
            "type": "ingress"
          },
          "sensitive_attributes": [],
          "identity_schema_version": 0,
          "private": "eyJlMmJmYjczMC1lY2FhLTExZTYtOGY4OC0zNDM2M2JjN2M0YzAiOnsiY3JlYXRlIjozMDAwMDAwMDAwMDB9LCJzY2hlbWFfdmVyc2lvbiI6IjIifQ==",
          "dependencies": [
            "module.alb.aws_security_group.alb_external",
            "module.ecs_be.aws_security_group.task",
            "module.vpc.aws_vpc.this"
          ]
        }
      ]
    },
    {
      "module": "module.ecs_be",
      "mode": "managed",
      "type": "aws_security_group_rule",
      "name": "task_egress",
      "provider": "provider[\"registry.terraform.io/hashicorp/aws\"]",
      "instances": [
        {
          "schema_version": 2,
          "attributes": {
            "cidr_blocks": [
              "0.0.0.0/0"
            ],
            "description": null,
            "from_port": 0,
            "id": "sgrule-2102938740",
            "ipv6_cidr_blocks": null,
            "prefix_list_ids": null,
            "protocol": "-1",
            "security_group_id": "sg-09e35abc85c064c42",
            "security_group_rule_id": "sgr-0d8317a4ed310a9b8",
            "self": false,
            "source_security_group_id": null,
            "timeouts": null,
            "to_port": 0,
            "type": "egress"
          },
          "sensitive_attributes": [],
          "identity_schema_version": 0,
          "private": "eyJlMmJmYjczMC1lY2FhLTExZTYtOGY4OC0zNDM2M2JjN2M0YzAiOnsiY3JlYXRlIjozMDAwMDAwMDAwMDB9LCJzY2hlbWFfdmVyc2lvbiI6IjIifQ==",
          "dependencies": [
            "module.ecs_be.aws_security_group.task",
            "module.vpc.aws_vpc.this"
          ]
        }
      ]
    },
    {
      "module": "module.ecs_fe",
      "mode": "managed",
      "type": "aws_appautoscaling_policy",
      "name": "cpu",
      "provider": "provider[\"registry.terraform.io/hashicorp/aws\"]",
      "instances": [
        {
          "schema_version": 0,
          "attributes": {
            "alarm_arns": [
              "arn:aws:cloudwatch:ap-southeast-1:495113986501:alarm:TargetTracking-service/yec-elevator-test-ecs/yec-elevator-test-fe-AlarmHigh-3741edbc-eaf9-453a-9daf-c6053ac2bbc0",
              "arn:aws:cloudwatch:ap-southeast-1:495113986501:alarm:TargetTracking-service/yec-elevator-test-ecs/yec-elevator-test-fe-AlarmLow-2195120f-69ee-4b64-9b38-5b3a811b7c0e"
            ],
            "arn": "arn:aws:autoscaling:ap-southeast-1:495113986501:scalingPolicy:9966c51f-fe6b-4875-aaff-54d3c581eef4:resource/ecs/service/yec-elevator-test-ecs/yec-elevator-test-fe:policyName/yec-elevator-test-fe-cpu",
            "id": "yec-elevator-test-fe-cpu",
            "name": "yec-elevator-test-fe-cpu",
            "policy_type": "TargetTrackingScaling",
            "resource_id": "service/yec-elevator-test-ecs/yec-elevator-test-fe",
            "scalable_dimension": "ecs:service:DesiredCount",
            "service_namespace": "ecs",
            "step_scaling_policy_configuration": [],
            "target_tracking_scaling_policy_configuration": [
              {
                "customized_metric_specification": [],
                "disable_scale_in": false,
                "predefined_metric_specification": [
                  {
                    "predefined_metric_type": "ECSServiceAverageCPUUtilization",
                    "resource_label": ""
                  }
                ],
                "scale_in_cooldown": 0,
                "scale_out_cooldown": 0,
                "target_value": 70
              }
            ]
          },
          "sensitive_attributes": [],
          "identity_schema_version": 0,
          "private": "bnVsbA==",
          "dependencies": [
            "module.alb.aws_lb_target_group.fe",
            "module.cloudwatch.aws_cloudwatch_log_group.ecs",
            "module.ecs.aws_ecs_cluster.this",
            "module.ecs_fe.aws_appautoscaling_target.this",
            "module.ecs_fe.aws_ecs_service.this",
            "module.ecs_fe.aws_ecs_task_definition.this",
            "module.ecs_fe.aws_security_group.task",
            "module.iam.aws_iam_role.task",
            "module.iam.aws_iam_role.task_execution",
            "module.iam.data.aws_iam_policy_document.ecs_assume",
            "module.vpc.aws_subnet.private",
            "module.vpc.aws_vpc.this"
          ]
        }
      ]
    },
    {
      "module": "module.ecs_fe",
      "mode": "managed",
      "type": "aws_appautoscaling_target",
      "name": "this",
      "provider": "provider[\"registry.terraform.io/hashicorp/aws\"]",
      "instances": [
        {
          "schema_version": 0,
          "attributes": {
            "arn": "arn:aws:application-autoscaling:ap-southeast-1:495113986501:scalable-target/0ec59966c51ffe6b4875aaff54d3c581eef4",
            "id": "service/yec-elevator-test-ecs/yec-elevator-test-fe",
            "max_capacity": 4,
            "min_capacity": 1,
            "resource_id": "service/yec-elevator-test-ecs/yec-elevator-test-fe",
            "role_arn": "arn:aws:iam::495113986501:role/aws-service-role/ecs.application-autoscaling.amazonaws.com/AWSServiceRoleForApplicationAutoScaling_ECSService",
            "scalable_dimension": "ecs:service:DesiredCount",
            "service_namespace": "ecs",
            "suspended_state": [
              {
                "dynamic_scaling_in_suspended": false,
                "dynamic_scaling_out_suspended": false,
                "scheduled_scaling_suspended": false
              }
            ],
            "tags": null,
            "tags_all": {
              "Environment": "test",
              "ManagedBy": "terraform",
              "Project": "yec-elevator",
              "Sub-Tag": "Yoma Elevator"
            }
          },
          "sensitive_attributes": [],
          "identity_schema_version": 0,
          "private": "bnVsbA==",
          "dependencies": [
            "module.alb.aws_lb_target_group.fe",
            "module.cloudwatch.aws_cloudwatch_log_group.ecs",
            "module.ecs.aws_ecs_cluster.this",
            "module.ecs_fe.aws_ecs_service.this",
            "module.ecs_fe.aws_ecs_task_definition.this",
            "module.ecs_fe.aws_security_group.task",
            "module.iam.aws_iam_role.task",
            "module.iam.aws_iam_role.task_execution",
            "module.iam.data.aws_iam_policy_document.ecs_assume",
            "module.vpc.aws_subnet.private",
            "module.vpc.aws_vpc.this"
          ]
        }
      ]
    },
    {
      "module": "module.ecs_fe",
      "mode": "managed",
      "type": "aws_ecs_service",
      "name": "this",
      "provider": "provider[\"registry.terraform.io/hashicorp/aws\"]",
      "instances": [
        {
          "schema_version": 1,
          "attributes": {
            "alarms": [],
            "availability_zone_rebalancing": "DISABLED",
            "capacity_provider_strategy": [],
            "cluster": "arn:aws:ecs:ap-southeast-1:495113986501:cluster/yec-elevator-test-ecs",
            "deployment_circuit_breaker": [
              {
                "enable": false,
                "rollback": false
              }
            ],
            "deployment_controller": [
              {
                "type": "ECS"
              }
            ],
            "deployment_maximum_percent": 200,
            "deployment_minimum_healthy_percent": 100,
            "desired_count": 0,
            "enable_ecs_managed_tags": false,
            "enable_execute_command": false,
            "force_delete": null,
            "force_new_deployment": null,
            "health_check_grace_period_seconds": 0,
            "iam_role": "/aws-service-role/ecs.amazonaws.com/AWSServiceRoleForECS",
            "id": "arn:aws:ecs:ap-southeast-1:495113986501:service/yec-elevator-test-ecs/yec-elevator-test-fe",
            "launch_type": "FARGATE",
            "load_balancer": [
              {
                "container_name": "fe",
                "container_port": 3000,
                "elb_name": "",
                "target_group_arn": "arn:aws:elasticloadbalancing:ap-southeast-1:495113986501:targetgroup/yec-elevator-test-fe-tg/6ce592f84a137f56"
              }
            ],
            "name": "yec-elevator-test-fe",
            "network_configuration": [
              {
                "assign_public_ip": false,
                "security_groups": [
                  "sg-03055ceecec033636"
                ],
                "subnets": [
                  "subnet-067b755c8ed3fbe2c",
                  "subnet-0ab5444aeab87fecc",
                  "subnet-0db73c2e8cff2af98"
                ]
              }
            ],
            "ordered_placement_strategy": [],
            "placement_constraints": [],
            "platform_version": "LATEST",
            "propagate_tags": "NONE",
            "scheduling_strategy": "REPLICA",
            "service_connect_configuration": [],
            "service_registries": [],
            "tags": {
              "Component": "fe",
              "Environment": "test",
              "ManagedBy": "terraform",
              "Project": "yec-elevator",
              "Sub-Tag": "Yoma Elevator"
            },
            "tags_all": {
              "Component": "fe",
              "Environment": "test",
              "ManagedBy": "terraform",
              "Project": "yec-elevator",
              "Sub-Tag": "Yoma Elevator"
            },
            "task_definition": "arn:aws:ecs:ap-southeast-1:495113986501:task-definition/yec-elevator-test-fe:2",
            "timeouts": null,
            "triggers": {},
            "volume_configuration": [],
            "vpc_lattice_configurations": [],
            "wait_for_steady_state": false
          },
          "sensitive_attributes": [],
          "identity_schema_version": 0,
          "private": "eyJlMmJmYjczMC1lY2FhLTExZTYtOGY4OC0zNDM2M2JjN2M0YzAiOnsiY3JlYXRlIjoxMjAwMDAwMDAwMDAwLCJkZWxldGUiOjEyMDAwMDAwMDAwMDAsInVwZGF0ZSI6MTIwMDAwMDAwMDAwMH0sInNjaGVtYV92ZXJzaW9uIjoiMSJ9",
          "dependencies": [
            "module.alb.aws_lb_target_group.fe",
            "module.cloudwatch.aws_cloudwatch_log_group.ecs",
            "module.ecs.aws_ecs_cluster.this",
            "module.ecs_fe.aws_ecs_task_definition.this",
            "module.ecs_fe.aws_security_group.task",
            "module.iam.aws_iam_role.task",
            "module.iam.aws_iam_role.task_execution",
            "module.iam.data.aws_iam_policy_document.ecs_assume",
            "module.vpc.aws_subnet.private",
            "module.vpc.aws_vpc.this"
          ]
        }
      ]
    },
    {
      "module": "module.ecs_fe",
      "mode": "managed",
      "type": "aws_ecs_task_definition",
      "name": "this",
      "provider": "provider[\"registry.terraform.io/hashicorp/aws\"]",
      "instances": [
        {
          "schema_version": 1,
          "attributes": {
            "arn": "arn:aws:ecs:ap-southeast-1:495113986501:task-definition/yec-elevator-test-fe:2",
            "arn_without_revision": "arn:aws:ecs:ap-southeast-1:495113986501:task-definition/yec-elevator-test-fe",
            "container_definitions": "[{\"environment\":[],\"essential\":true,\"image\":\"public.ecr.aws/nginx/nginx:latest\",\"logConfiguration\":{\"logDriver\":\"awslogs\",\"options\":{\"awslogs-group\":\"/ecs/yec-elevator-test/fe\",\"awslogs-region\":\"ap-southeast-1\",\"awslogs-stream-prefix\":\"fe\"}},\"mountPoints\":[],\"name\":\"fe\",\"portMappings\":[{\"containerPort\":3000,\"hostPort\":3000,\"protocol\":\"tcp\"}],\"secrets\":[],\"systemControls\":[],\"volumesFrom\":[]}]",
            "cpu": "512",
            "enable_fault_injection": false,
            "ephemeral_storage": [],
            "execution_role_arn": "arn:aws:iam::495113986501:role/yec-elevator-test-ecs-task-execution",
            "family": "yec-elevator-test-fe",
            "id": "yec-elevator-test-fe",
            "inference_accelerator": [],
            "ipc_mode": "",
            "memory": "1024",
            "network_mode": "awsvpc",
            "pid_mode": "",
            "placement_constraints": [],
            "proxy_configuration": [],
            "requires_compatibilities": [
              "FARGATE"
            ],
            "revision": 2,
            "runtime_platform": [],
            "skip_destroy": false,
            "tags": {
              "Component": "fe",
              "Environment": "test",
              "ManagedBy": "terraform",
              "Project": "yec-elevator",
              "Sub-Tag": "Yoma Elevator"
            },
            "tags_all": {
              "Component": "fe",
              "Environment": "test",
              "ManagedBy": "terraform",
              "Project": "yec-elevator",
              "Sub-Tag": "Yoma Elevator"
            },
            "task_role_arn": "arn:aws:iam::495113986501:role/yec-elevator-test-fe-task",
            "track_latest": false,
            "volume": []
          },
          "sensitive_attributes": [],
          "identity_schema_version": 0,
          "private": "eyJzY2hlbWFfdmVyc2lvbiI6IjEifQ==",
          "dependencies": [
            "module.cloudwatch.aws_cloudwatch_log_group.ecs",
            "module.iam.aws_iam_role.task",
            "module.iam.aws_iam_role.task_execution",
            "module.iam.data.aws_iam_policy_document.ecs_assume"
          ]
        }
      ]
    },
    {
      "module": "module.ecs_fe",
      "mode": "managed",
      "type": "aws_security_group",
      "name": "task",
      "provider": "provider[\"registry.terraform.io/hashicorp/aws\"]",
      "instances": [
        {
          "schema_version": 1,
          "attributes": {
            "arn": "arn:aws:ec2:ap-southeast-1:495113986501:security-group/sg-03055ceecec033636",
            "description": "fe ECS task - ingress from ALB only",
            "egress": [],
            "id": "sg-03055ceecec033636",
            "ingress": [],
            "name": "yec-elevator-test-fe-task",
            "name_prefix": "",
            "owner_id": "495113986501",
            "revoke_rules_on_delete": false,
            "tags": {
              "Component": "fe",
              "Environment": "test",
              "ManagedBy": "terraform",
              "Name": "yec-elevator-test-fe-task",
              "Project": "yec-elevator",
              "Sub-Tag": "Yoma Elevator"
            },
            "tags_all": {
              "Component": "fe",
              "Environment": "test",
              "ManagedBy": "terraform",
              "Name": "yec-elevator-test-fe-task",
              "Project": "yec-elevator",
              "Sub-Tag": "Yoma Elevator"
            },
            "timeouts": null,
            "vpc_id": "vpc-090438837e5826cf3"
          },
          "sensitive_attributes": [],
          "identity_schema_version": 0,
          "private": "eyJlMmJmYjczMC1lY2FhLTExZTYtOGY4OC0zNDM2M2JjN2M0YzAiOnsiY3JlYXRlIjo2MDAwMDAwMDAwMDAsImRlbGV0ZSI6OTAwMDAwMDAwMDAwfSwic2NoZW1hX3ZlcnNpb24iOiIxIn0=",
          "dependencies": [
            "module.vpc.aws_vpc.this"
          ]
        }
      ]
    },
    {
      "module": "module.ecs_fe",
      "mode": "managed",
      "type": "aws_security_group_rule",
      "name": "from_alb",
      "provider": "provider[\"registry.terraform.io/hashicorp/aws\"]",
      "instances": [
        {
          "schema_version": 2,
          "attributes": {
            "cidr_blocks": null,
            "description": "From ALB",
            "from_port": 3000,
            "id": "sgrule-1698715496",
            "ipv6_cidr_blocks": null,
            "prefix_list_ids": null,
            "protocol": "tcp",
            "security_group_id": "sg-03055ceecec033636",
            "security_group_rule_id": "sgr-0d5576f42e4010da6",
            "self": false,
            "source_security_group_id": "sg-0a9e3ae440cdb65f0",
            "timeouts": null,
            "to_port": 3000,
            "type": "ingress"
          },
          "sensitive_attributes": [],
          "identity_schema_version": 0,
          "private": "eyJlMmJmYjczMC1lY2FhLTExZTYtOGY4OC0zNDM2M2JjN2M0YzAiOnsiY3JlYXRlIjozMDAwMDAwMDAwMDB9LCJzY2hlbWFfdmVyc2lvbiI6IjIifQ==",
          "dependencies": [
            "module.alb.aws_security_group.alb_external",
            "module.ecs_fe.aws_security_group.task",
            "module.vpc.aws_vpc.this"
          ]
        }
      ]
    },
    {
      "module": "module.ecs_fe",
      "mode": "managed",
      "type": "aws_security_group_rule",
      "name": "task_egress",
      "provider": "provider[\"registry.terraform.io/hashicorp/aws\"]",
      "instances": [
        {
          "schema_version": 2,
          "attributes": {
            "cidr_blocks": [
              "0.0.0.0/0"
            ],
            "description": null,
            "from_port": 0,
            "id": "sgrule-1204314624",
            "ipv6_cidr_blocks": null,
            "prefix_list_ids": null,
            "protocol": "-1",
            "security_group_id": "sg-03055ceecec033636",
            "security_group_rule_id": "sgr-0575aac8eb4214c82",
            "self": false,
            "source_security_group_id": null,
            "timeouts": null,
            "to_port": 0,
            "type": "egress"
          },
          "sensitive_attributes": [],
          "identity_schema_version": 0,
          "private": "eyJlMmJmYjczMC1lY2FhLTExZTYtOGY4OC0zNDM2M2JjN2M0YzAiOnsiY3JlYXRlIjozMDAwMDAwMDAwMDB9LCJzY2hlbWFfdmVyc2lvbiI6IjIifQ==",
          "dependencies": [
            "module.ecs_fe.aws_security_group.task",
            "module.vpc.aws_vpc.this"
          ]
        }
      ]
    },
    {
      "module": "module.iam",
      "mode": "data",
      "type": "aws_iam_policy_document",
      "name": "ecs_assume",
      "provider": "provider[\"registry.terraform.io/hashicorp/aws\"]",
      "instances": [
        {
          "schema_version": 0,
          "attributes": {
            "id": "1077804475",
            "json": "{\n  \"Version\": \"2012-10-17\",\n  \"Statement\": [\n    {\n      \"Effect\": \"Allow\",\n      \"Action\": \"sts:AssumeRole\",\n      \"Principal\": {\n        \"Service\": \"ecs-tasks.amazonaws.com\"\n      }\n    }\n  ]\n}",
            "minified_json": "{\"Version\":\"2012-10-17\",\"Statement\":[{\"Effect\":\"Allow\",\"Action\":\"sts:AssumeRole\",\"Principal\":{\"Service\":\"ecs-tasks.amazonaws.com\"}}]}",
            "override_json": null,
            "override_policy_documents": null,
            "policy_id": null,
            "source_json": null,
            "source_policy_documents": null,
            "statement": [
              {
                "actions": [
                  "sts:AssumeRole"
                ],
                "condition": [],
                "effect": "Allow",
                "not_actions": [],
                "not_principals": [],
                "not_resources": [],
                "principals": [
                  {
                    "identifiers": [
                      "ecs-tasks.amazonaws.com"
                    ],
                    "type": "Service"
                  }
                ],
                "resources": [],
                "sid": ""
              }
            ],
            "version": "2012-10-17"
          },
          "sensitive_attributes": [],
          "identity_schema_version": 0
        }
      ]
    },
    {
      "module": "module.iam",
      "mode": "data",
      "type": "aws_iam_policy_document",
      "name": "uploads",
      "provider": "provider[\"registry.terraform.io/hashicorp/aws\"]",
      "instances": [
        {
          "index_key": 0,
          "schema_version": 0,
          "attributes": {
            "id": "3665764223",
            "json": "{\n  \"Version\": \"2012-10-17\",\n  \"Statement\": [\n    {\n      \"Effect\": \"Allow\",\n      \"Action\": [\n        \"s3:PutObject\",\n        \"s3:ListBucket\",\n        \"s3:GetObject\",\n        \"s3:DeleteObject\"\n      ],\n      \"Resource\": [\n        \"arn:aws:s3:::yec-elevator-test-uploads/*\",\n        \"arn:aws:s3:::yec-elevator-test-uploads\"\n      ]\n    }\n  ]\n}",
            "minified_json": "{\"Version\":\"2012-10-17\",\"Statement\":[{\"Effect\":\"Allow\",\"Action\":[\"s3:PutObject\",\"s3:ListBucket\",\"s3:GetObject\",\"s3:DeleteObject\"],\"Resource\":[\"arn:aws:s3:::yec-elevator-test-uploads/*\",\"arn:aws:s3:::yec-elevator-test-uploads\"]}]}",
            "override_json": null,
            "override_policy_documents": null,
            "policy_id": null,
            "source_json": null,
            "source_policy_documents": null,
            "statement": [
              {
                "actions": [
                  "s3:DeleteObject",
                  "s3:GetObject",
                  "s3:ListBucket",
                  "s3:PutObject"
                ],
                "condition": [],
                "effect": "Allow",
                "not_actions": [],
                "not_principals": [],
                "not_resources": [],
                "principals": [],
                "resources": [
                  "arn:aws:s3:::yec-elevator-test-uploads",
                  "arn:aws:s3:::yec-elevator-test-uploads/*"
                ],
                "sid": ""
              }
            ],
            "version": "2012-10-17"
          },
          "sensitive_attributes": [],
          "identity_schema_version": 0
        }
      ]
    },
    {
      "module": "module.iam",
      "mode": "managed",
      "type": "aws_iam_role",
      "name": "task",
      "provider": "provider[\"registry.terraform.io/hashicorp/aws\"]",
      "instances": [
        {
          "index_key": "be",
          "schema_version": 0,
          "attributes": {
            "arn": "arn:aws:iam::495113986501:role/yec-elevator-test-be-task",
            "assume_role_policy": "{\"Statement\":[{\"Action\":\"sts:AssumeRole\",\"Effect\":\"Allow\",\"Principal\":{\"Service\":\"ecs-tasks.amazonaws.com\"}}],\"Version\":\"2012-10-17\"}",
            "create_date": "2026-07-07T08:02:21Z",
            "description": "",
            "force_detach_policies": false,
            "id": "yec-elevator-test-be-task",
            "inline_policy": [],
            "managed_policy_arns": [],
            "max_session_duration": 3600,
            "name": "yec-elevator-test-be-task",
            "name_prefix": "",
            "path": "/",
            "permissions_boundary": "",
            "tags": {
              "Component": "be",
              "Environment": "test",
              "ManagedBy": "terraform",
              "Project": "yec-elevator",
              "Sub-Tag": "Yoma Elevator"
            },
            "tags_all": {
              "Component": "be",
              "Environment": "test",
              "ManagedBy": "terraform",
              "Project": "yec-elevator",
              "Sub-Tag": "Yoma Elevator"
            },
            "unique_id": "AROAXGRYX4HCU3KUUCDTG"
          },
          "sensitive_attributes": [],
          "identity_schema_version": 0,
          "private": "bnVsbA==",
          "dependencies": [
            "module.iam.data.aws_iam_policy_document.ecs_assume"
          ]
        },
        {
          "index_key": "fe",
          "schema_version": 0,
          "attributes": {
            "arn": "arn:aws:iam::495113986501:role/yec-elevator-test-fe-task",
            "assume_role_policy": "{\"Statement\":[{\"Action\":\"sts:AssumeRole\",\"Effect\":\"Allow\",\"Principal\":{\"Service\":\"ecs-tasks.amazonaws.com\"}}],\"Version\":\"2012-10-17\"}",
            "create_date": "2026-07-07T08:02:20Z",
            "description": "",
            "force_detach_policies": false,
            "id": "yec-elevator-test-fe-task",
            "inline_policy": [],
            "managed_policy_arns": [],
            "max_session_duration": 3600,
            "name": "yec-elevator-test-fe-task",
            "name_prefix": "",
            "path": "/",
            "permissions_boundary": "",
            "tags": {
              "Component": "fe",
              "Environment": "test",
              "ManagedBy": "terraform",
              "Project": "yec-elevator",
              "Sub-Tag": "Yoma Elevator"
            },
            "tags_all": {
              "Component": "fe",
              "Environment": "test",
              "ManagedBy": "terraform",
              "Project": "yec-elevator",
              "Sub-Tag": "Yoma Elevator"
            },
            "unique_id": "AROAXGRYX4HCQTPLKFDIQ"
          },
          "sensitive_attributes": [],
          "identity_schema_version": 0,
          "private": "bnVsbA==",
          "dependencies": [
            "module.iam.data.aws_iam_policy_document.ecs_assume"
          ]
        }
      ]
    },
    {
      "module": "module.iam",
      "mode": "managed",
      "type": "aws_iam_role",
      "name": "task_execution",
      "provider": "provider[\"registry.terraform.io/hashicorp/aws\"]",
      "instances": [
        {
          "schema_version": 0,
          "attributes": {
            "arn": "arn:aws:iam::495113986501:role/yec-elevator-test-ecs-task-execution",
            "assume_role_policy": "{\"Statement\":[{\"Action\":\"sts:AssumeRole\",\"Effect\":\"Allow\",\"Principal\":{\"Service\":\"ecs-tasks.amazonaws.com\"}}],\"Version\":\"2012-10-17\"}",
            "create_date": "2026-07-07T08:02:20Z",
            "description": "",
            "force_detach_policies": false,
            "id": "yec-elevator-test-ecs-task-execution",
            "inline_policy": [],
            "managed_policy_arns": [],
            "max_session_duration": 3600,
            "name": "yec-elevator-test-ecs-task-execution",
            "name_prefix": "",
            "path": "/",
            "permissions_boundary": "",
            "tags": {
              "Environment": "test",
              "ManagedBy": "terraform",
              "Project": "yec-elevator",
              "Sub-Tag": "Yoma Elevator"
            },
            "tags_all": {
              "Environment": "test",
              "ManagedBy": "terraform",
              "Project": "yec-elevator",
              "Sub-Tag": "Yoma Elevator"
            },
            "unique_id": "AROAXGRYX4HCXFJVVW4BJ"
          },
          "sensitive_attributes": [],
          "identity_schema_version": 0,
          "private": "bnVsbA==",
          "dependencies": [
            "module.iam.data.aws_iam_policy_document.ecs_assume"
          ]
        }
      ]
    },
    {
      "module": "module.iam",
      "mode": "managed",
      "type": "aws_iam_role_policy",
      "name": "be_uploads",
      "provider": "provider[\"registry.terraform.io/hashicorp/aws\"]",
      "instances": [
        {
          "index_key": 0,
          "schema_version": 0,
          "attributes": {
            "id": "yec-elevator-test-be-task:yec-elevator-test-be-s3-uploads",
            "name": "yec-elevator-test-be-s3-uploads",
            "name_prefix": "",
            "policy": "{\"Version\":\"2012-10-17\",\"Statement\":[{\"Action\":[\"s3:PutObject\",\"s3:ListBucket\",\"s3:GetObject\",\"s3:DeleteObject\"],\"Effect\":\"Allow\",\"Resource\":[\"arn:aws:s3:::yec-elevator-test-uploads/*\",\"arn:aws:s3:::yec-elevator-test-uploads\"]}]}",
            "role": "yec-elevator-test-be-task"
          },
          "sensitive_attributes": [],
          "identity_schema_version": 0,
          "private": "bnVsbA==",
          "dependencies": [
            "module.iam.aws_iam_role.task",
            "module.iam.data.aws_iam_policy_document.ecs_assume",
            "module.iam.data.aws_iam_policy_document.uploads",
            "module.s3_uploads.aws_s3_bucket.this"
          ]
        }
      ]
    },
    {
      "module": "module.iam",
      "mode": "managed",
      "type": "aws_iam_role_policy_attachment",
      "name": "task_execution_managed",
      "provider": "provider[\"registry.terraform.io/hashicorp/aws\"]",
      "instances": [
        {
          "schema_version": 0,
          "attributes": {
            "id": "yec-elevator-test-ecs-task-execution-20260707080224737500000005",
            "policy_arn": "arn:aws:iam::aws:policy/service-role/AmazonECSTaskExecutionRolePolicy",
            "role": "yec-elevator-test-ecs-task-execution"
          },
          "sensitive_attributes": [],
          "identity_schema_version": 0,
          "private": "bnVsbA==",
          "dependencies": [
            "module.iam.aws_iam_role.task_execution",
            "module.iam.data.aws_iam_policy_document.ecs_assume"
          ]
        }
      ]
    },
    {
      "module": "module.rds",
      "mode": "managed",
      "type": "aws_db_instance",
      "name": "this",
      "provider": "provider[\"registry.terraform.io/hashicorp/aws\"]",
      "instances": [
        {
          "schema_version": 2,
          "attributes": {
            "address": "yec-elevator-test-rds.c5o0macy4j34.ap-southeast-1.rds.amazonaws.com",
            "allocated_storage": 20,
            "allow_major_version_upgrade": null,
            "apply_immediately": false,
            "arn": "arn:aws:rds:ap-southeast-1:495113986501:db:yec-elevator-test-rds",
            "auto_minor_version_upgrade": true,
            "availability_zone": "ap-southeast-1a",
            "backup_retention_period": 7,
            "backup_target": "region",
            "backup_window": "02:00-03:00",
            "blue_green_update": [],
            "ca_cert_identifier": "rds-ca-rsa2048-g1",
            "character_set_name": "",
            "copy_tags_to_snapshot": false,
            "custom_iam_instance_profile": "",
            "customer_owned_ip_enabled": false,
            "database_insights_mode": "standard",
            "db_name": "yecl_maintenance",
            "db_subnet_group_name": "yec-elevator-test-rds",
            "dedicated_log_volume": false,
            "delete_automated_backups": true,
            "deletion_protection": true,
            "domain": "",
            "domain_auth_secret_arn": "",
            "domain_dns_ips": [],
            "domain_fqdn": "",
            "domain_iam_role_name": "",
            "domain_ou": "",
            "enabled_cloudwatch_logs_exports": [],
            "endpoint": "yec-elevator-test-rds.c5o0macy4j34.ap-southeast-1.rds.amazonaws.com:5432",
            "engine": "postgres",
            "engine_lifecycle_support": "open-source-rds-extended-support",
            "engine_version": "15.17",
            "engine_version_actual": "15.17",
            "final_snapshot_identifier": "yec-elevator-test-rds-final",
            "hosted_zone_id": "Z2G0U3KFCY8NZ5",
            "iam_database_authentication_enabled": false,
            "id": "db-L4D4XGH5PPKXQUFRWNBH7ZIPK4",
            "identifier": "yec-elevator-test-rds",
            "identifier_prefix": "",
            "instance_class": "db.t3.small",
            "iops": 0,
            "kms_key_id": "arn:aws:kms:ap-southeast-1:495113986501:key/c33b09d6-8c33-4ad5-9df0-ad0f43e7c155",
            "latest_restorable_time": "2026-07-07T07:56:59Z",
            "license_model": "postgresql-license",
            "listener_endpoint": [],
            "maintenance_window": "sun:04:00-sun:05:00",
            "manage_master_user_password": true,
            "master_user_secret": [
              {
                "kms_key_id": "arn:aws:kms:ap-southeast-1:495113986501:key/05b17710-62e3-475a-9e4d-30da492c7135",
                "secret_arn": "arn:aws:secretsmanager:ap-southeast-1:495113986501:secret:rds!db-62789c7b-d17b-4c9c-a526-e8878cdc8047-kQwNzG",
                "secret_status": "active"
              }
            ],
            "master_user_secret_kms_key_id": null,
            "max_allocated_storage": 0,
            "monitoring_interval": 0,
            "monitoring_role_arn": "",
            "multi_az": false,
            "nchar_character_set_name": "",
            "network_type": "IPV4",
            "option_group_name": "default:postgres-15",
            "parameter_group_name": "yec-elevator-test-rds",
            "password": null,
            "password_wo": null,
            "password_wo_version": null,
            "performance_insights_enabled": false,
            "performance_insights_kms_key_id": "",
            "performance_insights_retention_period": 0,
            "port": 5432,
            "publicly_accessible": false,
            "replica_mode": "",
            "replicas": [],
            "replicate_source_db": "",
            "resource_id": "db-L4D4XGH5PPKXQUFRWNBH7ZIPK4",
            "restore_to_point_in_time": [],
            "s3_import": [],
            "skip_final_snapshot": false,
            "snapshot_identifier": null,
            "status": "available",
            "storage_encrypted": true,
            "storage_throughput": 0,
            "storage_type": "gp2",
            "tags": {
              "Environment": "test",
              "ManagedBy": "terraform",
              "Name": "yec-elevator-test-rds",
              "Project": "yec-elevator",
              "Sub-Tag": "Yoma Elevator"
            },
            "tags_all": {
              "Environment": "test",
              "ManagedBy": "terraform",
              "Name": "yec-elevator-test-rds",
              "Project": "yec-elevator",
              "Sub-Tag": "Yoma Elevator"
            },
            "timeouts": null,
            "timezone": "",
            "upgrade_storage_config": null,
            "username": "zyl_admin",
            "vpc_security_group_ids": [
              "sg-0c9daeabbbe387d90"
            ]
          },
          "sensitive_attributes": [
            [
              {
                "type": "get_attr",
                "value": "password"
              }
            ],
            [
              {
                "type": "get_attr",
                "value": "password_wo"
              }
            ]
          ],
          "identity_schema_version": 0,
          "private": "eyJlMmJmYjczMC1lY2FhLTExZTYtOGY4OC0zNDM2M2JjN2M0YzAiOnsiY3JlYXRlIjozMDAwMDAwMDAwMDAwLCJkZWxldGUiOjM2MDAwMDAwMDAwMDAsInVwZGF0ZSI6NDgwMDAwMDAwMDAwMH0sInNjaGVtYV92ZXJzaW9uIjoiMiJ9",
          "dependencies": [
            "module.rds.aws_db_parameter_group.this",
            "module.rds.aws_db_subnet_group.this",
            "module.rds.aws_security_group.db",
            "module.vpc.aws_subnet.db",
            "module.vpc.aws_vpc.this"
          ]
        }
      ]
    },
    {
      "module": "module.rds",
      "mode": "managed",
      "type": "aws_db_parameter_group",
      "name": "this",
      "provider": "provider[\"registry.terraform.io/hashicorp/aws\"]",
      "instances": [
        {
          "schema_version": 0,
          "attributes": {
            "arn": "arn:aws:rds:ap-southeast-1:495113986501:pg:yec-elevator-test-rds",
            "description": "Managed by Terraform",
            "family": "postgres15",
            "id": "yec-elevator-test-rds",
            "name": "yec-elevator-test-rds",
            "name_prefix": "",
            "parameter": [],
            "skip_destroy": false,
            "tags": {
              "Environment": "test",
              "ManagedBy": "terraform",
              "Project": "yec-elevator",
              "Sub-Tag": "Yoma Elevator"
            },
            "tags_all": {
              "Environment": "test",
              "ManagedBy": "terraform",
              "Project": "yec-elevator",
              "Sub-Tag": "Yoma Elevator"
            }
          },
          "sensitive_attributes": [],
          "identity_schema_version": 0,
          "private": "bnVsbA=="
        }
      ]
    },
    {
      "module": "module.rds",
      "mode": "managed",
      "type": "aws_db_subnet_group",
      "name": "this",
      "provider": "provider[\"registry.terraform.io/hashicorp/aws\"]",
      "instances": [
        {
          "schema_version": 0,
          "attributes": {
            "arn": "arn:aws:rds:ap-southeast-1:495113986501:subgrp:yec-elevator-test-rds",
            "description": "Managed by Terraform",
            "id": "yec-elevator-test-rds",
            "name": "yec-elevator-test-rds",
            "name_prefix": "",
            "subnet_ids": [
              "subnet-012528ea157923a80",
              "subnet-06dbb291fd19e2156",
              "subnet-0dde2d7edc02a5316"
            ],
            "supported_network_types": [
              "IPV4"
            ],
            "tags": {
              "Environment": "test",
              "ManagedBy": "terraform",
              "Name": "yec-elevator-test-rds",
              "Project": "yec-elevator",
              "Sub-Tag": "Yoma Elevator"
            },
            "tags_all": {
              "Environment": "test",
              "ManagedBy": "terraform",
              "Name": "yec-elevator-test-rds",
              "Project": "yec-elevator",
              "Sub-Tag": "Yoma Elevator"
            },
            "vpc_id": "vpc-090438837e5826cf3"
          },
          "sensitive_attributes": [],
          "identity_schema_version": 0,
          "private": "bnVsbA==",
          "dependencies": [
            "module.vpc.aws_subnet.db",
            "module.vpc.aws_vpc.this"
          ]
        }
      ]
    },
    {
      "module": "module.rds",
      "mode": "managed",
      "type": "aws_security_group",
      "name": "db",
      "provider": "provider[\"registry.terraform.io/hashicorp/aws\"]",
      "instances": [
        {
          "schema_version": 1,
          "attributes": {
            "arn": "arn:aws:ec2:ap-southeast-1:495113986501:security-group/sg-0c9daeabbbe387d90",
            "description": "Postgres access for yec-elevator-test",
            "egress": [],
            "id": "sg-0c9daeabbbe387d90",
            "ingress": [],
            "name": "yec-elevator-test-rds",
            "name_prefix": "",
            "owner_id": "495113986501",
            "revoke_rules_on_delete": false,
            "tags": {
              "Environment": "test",
              "ManagedBy": "terraform",
              "Name": "yec-elevator-test-rds",
              "Project": "yec-elevator",
              "Sub-Tag": "Yoma Elevator"
            },
            "tags_all": {
              "Environment": "test",
              "ManagedBy": "terraform",
              "Name": "yec-elevator-test-rds",
              "Project": "yec-elevator",
              "Sub-Tag": "Yoma Elevator"
            },
            "timeouts": null,
            "vpc_id": "vpc-090438837e5826cf3"
          },
          "sensitive_attributes": [],
          "identity_schema_version": 0,
          "private": "eyJlMmJmYjczMC1lY2FhLTExZTYtOGY4OC0zNDM2M2JjN2M0YzAiOnsiY3JlYXRlIjo2MDAwMDAwMDAwMDAsImRlbGV0ZSI6OTAwMDAwMDAwMDAwfSwic2NoZW1hX3ZlcnNpb24iOiIxIn0=",
          "dependencies": [
            "module.vpc.aws_vpc.this"
          ]
        }
      ]
    },
    {
      "module": "module.rds",
      "mode": "managed",
      "type": "aws_security_group_rule",
      "name": "db_ingress",
      "provider": "provider[\"registry.terraform.io/hashicorp/aws\"]",
      "instances": [
        {
          "index_key": 0,
          "schema_version": 2,
          "attributes": {
            "cidr_blocks": null,
            "description": "Postgres from app task SG",
            "from_port": 5432,
            "id": "sgrule-47096900",
            "ipv6_cidr_blocks": null,
            "prefix_list_ids": null,
            "protocol": "tcp",
            "security_group_id": "sg-0c9daeabbbe387d90",
            "security_group_rule_id": "sgr-089374a180a6affde",
            "self": false,
            "source_security_group_id": "sg-09e35abc85c064c42",
            "timeouts": null,
            "to_port": 5432,
            "type": "ingress"
          },
          "sensitive_attributes": [],
          "identity_schema_version": 0,
          "private": "eyJlMmJmYjczMC1lY2FhLTExZTYtOGY4OC0zNDM2M2JjN2M0YzAiOnsiY3JlYXRlIjozMDAwMDAwMDAwMDB9LCJzY2hlbWFfdmVyc2lvbiI6IjIifQ==",
          "dependencies": [
            "module.ecs_be.aws_security_group.task",
            "module.ecs_fe.aws_security_group.task",
            "module.rds.aws_security_group.db",
            "module.vpc.aws_vpc.this"
          ]
        },
        {
          "index_key": 1,
          "schema_version": 2,
          "attributes": {
            "cidr_blocks": null,
            "description": "Postgres from app task SG",
            "from_port": 5432,
            "id": "sgrule-1238920406",
            "ipv6_cidr_blocks": null,
            "prefix_list_ids": null,
            "protocol": "tcp",
            "security_group_id": "sg-0c9daeabbbe387d90",
            "security_group_rule_id": "sgr-04bc5da133eadd792",
            "self": false,
            "source_security_group_id": "sg-03055ceecec033636",
            "timeouts": null,
            "to_port": 5432,
            "type": "ingress"
          },
          "sensitive_attributes": [],
          "identity_schema_version": 0,
          "private": "eyJlMmJmYjczMC1lY2FhLTExZTYtOGY4OC0zNDM2M2JjN2M0YzAiOnsiY3JlYXRlIjozMDAwMDAwMDAwMDB9LCJzY2hlbWFfdmVyc2lvbiI6IjIifQ==",
          "dependencies": [
            "module.ecs_be.aws_security_group.task",
            "module.ecs_fe.aws_security_group.task",
            "module.rds.aws_security_group.db",
            "module.vpc.aws_vpc.this"
          ]
        }
      ]
    },
    {
      "module": "module.s3_uploads",
      "mode": "managed",
      "type": "aws_s3_bucket",
      "name": "this",
      "provider": "provider[\"registry.terraform.io/hashicorp/aws\"]",
      "instances": [
        {
          "schema_version": 0,
          "attributes": {
            "acceleration_status": "",
            "acl": null,
            "arn": "arn:aws:s3:::yec-elevator-test-uploads",
            "bucket": "yec-elevator-test-uploads",
            "bucket_domain_name": "yec-elevator-test-uploads.s3.amazonaws.com",
            "bucket_prefix": "",
            "bucket_regional_domain_name": "yec-elevator-test-uploads.s3.ap-southeast-1.amazonaws.com",
            "cors_rule": [],
            "force_destroy": false,
            "grant": [
              {
                "id": "9a8a93df0a8866120df6a757ed9d70484d0264cd2a6a616728a7bb1379b86358",
                "permissions": [
                  "FULL_CONTROL"
                ],
                "type": "CanonicalUser",
                "uri": ""
              }
            ],
            "hosted_zone_id": "Z3O0J2DXBE1FTB",
            "id": "yec-elevator-test-uploads",
            "lifecycle_rule": [],
            "logging": [],
            "object_lock_configuration": [],
            "object_lock_enabled": false,
            "policy": "",
            "region": "ap-southeast-1",
            "replication_configuration": [],
            "request_payer": "BucketOwner",
            "server_side_encryption_configuration": [
              {
                "rule": [
                  {
                    "apply_server_side_encryption_by_default": [
                      {
                        "kms_master_key_id": "",
                        "sse_algorithm": "AES256"
                      }
                    ],
                    "bucket_key_enabled": false
                  }
                ]
              }
            ],
            "tags": {
              "Environment": "test",
              "ManagedBy": "terraform",
              "Name": "yec-elevator-test-uploads",
              "Project": "yec-elevator",
              "Sub-Tag": "Yoma Elevator"
            },
            "tags_all": {
              "Environment": "test",
              "ManagedBy": "terraform",
              "Name": "yec-elevator-test-uploads",
              "Project": "yec-elevator",
              "Sub-Tag": "Yoma Elevator"
            },
            "timeouts": null,
            "versioning": [
              {
                "enabled": false,
                "mfa_delete": false
              }
            ],
            "website": [],
            "website_domain": null,
            "website_endpoint": null
          },
          "sensitive_attributes": [],
          "identity_schema_version": 0,
          "private": "eyJlMmJmYjczMC1lY2FhLTExZTYtOGY4OC0zNDM2M2JjN2M0YzAiOnsiY3JlYXRlIjoxMjAwMDAwMDAwMDAwLCJkZWxldGUiOjM2MDAwMDAwMDAwMDAsInJlYWQiOjEyMDAwMDAwMDAwMDAsInVwZGF0ZSI6MTIwMDAwMDAwMDAwMH19"
        }
      ]
    },
    {
      "module": "module.s3_uploads",
      "mode": "managed",
      "type": "aws_s3_bucket_public_access_block",
      "name": "this",
      "provider": "provider[\"registry.terraform.io/hashicorp/aws\"]",
      "instances": [
        {
          "schema_version": 0,
          "attributes": {
            "block_public_acls": true,
            "block_public_policy": true,
            "bucket": "yec-elevator-test-uploads",
            "id": "yec-elevator-test-uploads",
            "ignore_public_acls": true,
            "restrict_public_buckets": true
          },
          "sensitive_attributes": [],
          "identity_schema_version": 0,
          "private": "bnVsbA==",
          "dependencies": [
            "module.s3_uploads.aws_s3_bucket.this"
          ]
        }
      ]
    },
    {
      "module": "module.s3_uploads",
      "mode": "managed",
      "type": "aws_s3_bucket_server_side_encryption_configuration",
      "name": "this",
      "provider": "provider[\"registry.terraform.io/hashicorp/aws\"]",
      "instances": [
        {
          "schema_version": 0,
          "attributes": {
            "bucket": "yec-elevator-test-uploads",
            "expected_bucket_owner": "",
            "id": "yec-elevator-test-uploads",
            "rule": [
              {
                "apply_server_side_encryption_by_default": [
                  {
                    "kms_master_key_id": "",
                    "sse_algorithm": "AES256"
                  }
                ],
                "bucket_key_enabled": null
              }
            ]
          },
          "sensitive_attributes": [],
          "identity_schema_version": 0,
          "private": "bnVsbA==",
          "dependencies": [
            "module.s3_uploads.aws_s3_bucket.this"
          ]
        }
      ]
    },
    {
      "module": "module.s3_uploads",
      "mode": "managed",
      "type": "aws_s3_bucket_versioning",
      "name": "this",
      "provider": "provider[\"registry.terraform.io/hashicorp/aws\"]",
      "instances": [
        {
          "schema_version": 0,
          "attributes": {
            "bucket": "yec-elevator-test-uploads",
            "expected_bucket_owner": "",
            "id": "yec-elevator-test-uploads",
            "mfa": null,
            "versioning_configuration": [
              {
                "mfa_delete": "",
                "status": "Enabled"
              }
            ]
          },
          "sensitive_attributes": [],
          "identity_schema_version": 0,
          "private": "bnVsbA==",
          "dependencies": [
            "module.s3_uploads.aws_s3_bucket.this"
          ]
        }
      ]
    },
    {
      "module": "module.vpc",
      "mode": "managed",
      "type": "aws_eip",
      "name": "nat",
      "provider": "provider[\"registry.terraform.io/hashicorp/aws\"]",
      "instances": [
        {
          "index_key": 0,
          "schema_version": 0,
          "attributes": {
            "address": null,
            "allocation_id": "eipalloc-049aec29ee641d159",
            "arn": "arn:aws:ec2:ap-southeast-1:495113986501:elastic-ip/eipalloc-049aec29ee641d159",
            "associate_with_private_ip": null,
            "association_id": "",
            "carrier_ip": "",
            "customer_owned_ip": "",
            "customer_owned_ipv4_pool": "",
            "domain": "vpc",
            "id": "eipalloc-049aec29ee641d159",
            "instance": "",
            "ipam_pool_id": null,
            "network_border_group": "ap-southeast-1",
            "network_interface": "",
            "private_dns": null,
            "private_ip": "",
            "ptr_record": "",
            "public_dns": "ec2-52-77-9-232.ap-southeast-1.compute.amazonaws.com",
            "public_ip": "52.77.9.232",
            "public_ipv4_pool": "amazon",
            "tags": {
              "Environment": "test",
              "ManagedBy": "terraform",
              "Name": "yec-elevator-test-nat-eip-0",
              "Project": "yec-elevator",
              "Sub-Tag": "Yoma Elevator"
            },
            "tags_all": {
              "Environment": "test",
              "ManagedBy": "terraform",
              "Name": "yec-elevator-test-nat-eip-0",
              "Project": "yec-elevator",
              "Sub-Tag": "Yoma Elevator"
            },
            "timeouts": null,
            "vpc": true
          },
          "sensitive_attributes": [],
          "identity_schema_version": 0,
          "private": "eyJlMmJmYjczMC1lY2FhLTExZTYtOGY4OC0zNDM2M2JjN2M0YzAiOnsiZGVsZXRlIjoxODAwMDAwMDAwMDAsInJlYWQiOjkwMDAwMDAwMDAwMCwidXBkYXRlIjozMDAwMDAwMDAwMDB9fQ=="
        }
      ]
    },
    {
      "module": "module.vpc",
      "mode": "managed",
      "type": "aws_internet_gateway",
      "name": "this",
      "provider": "provider[\"registry.terraform.io/hashicorp/aws\"]",
      "instances": [
        {
          "schema_version": 0,
          "attributes": {
            "arn": "arn:aws:ec2:ap-southeast-1:495113986501:internet-gateway/igw-04b7a7dd32c1abf71",
            "id": "igw-04b7a7dd32c1abf71",
            "owner_id": "495113986501",
            "tags": {
              "Environment": "test",
              "ManagedBy": "terraform",
              "Name": "yec-elevator-test-igw",
              "Project": "yec-elevator",
              "Sub-Tag": "Yoma Elevator"
            },
            "tags_all": {
              "Environment": "test",
              "ManagedBy": "terraform",
              "Name": "yec-elevator-test-igw",
              "Project": "yec-elevator",
              "Sub-Tag": "Yoma Elevator"
            },
            "timeouts": null,
            "vpc_id": "vpc-090438837e5826cf3"
          },
          "sensitive_attributes": [],
          "identity_schema_version": 0,
          "private": "eyJlMmJmYjczMC1lY2FhLTExZTYtOGY4OC0zNDM2M2JjN2M0YzAiOnsiY3JlYXRlIjoxMjAwMDAwMDAwMDAwLCJkZWxldGUiOjEyMDAwMDAwMDAwMDAsInVwZGF0ZSI6MTIwMDAwMDAwMDAwMH19",
          "dependencies": [
            "module.vpc.aws_vpc.this"
          ]
        }
      ]
    },
    {
      "module": "module.vpc",
      "mode": "managed",
      "type": "aws_nat_gateway",
      "name": "this",
      "provider": "provider[\"registry.terraform.io/hashicorp/aws\"]",
      "instances": [
        {
          "index_key": 0,
          "schema_version": 0,
          "attributes": {
            "allocation_id": "eipalloc-049aec29ee641d159",
            "association_id": "eipassoc-007bbd7b143f0b126",
            "connectivity_type": "public",
            "id": "nat-099696ce8565fe745",
            "network_interface_id": "eni-06a8a2f1d7cac7d53",
            "private_ip": "10.70.1.192",
            "public_ip": "52.77.9.232",
            "secondary_allocation_ids": null,
            "secondary_private_ip_address_count": 0,
            "secondary_private_ip_addresses": [],
            "subnet_id": "subnet-0efee44fca41e9a8b",
            "tags": {
              "Environment": "test",
              "ManagedBy": "terraform",
              "Name": "yec-elevator-test-nat-0",
              "Project": "yec-elevator",
              "Sub-Tag": "Yoma Elevator"
            },
            "tags_all": {
              "Environment": "test",
              "ManagedBy": "terraform",
              "Name": "yec-elevator-test-nat-0",
              "Project": "yec-elevator",
              "Sub-Tag": "Yoma Elevator"
            },
            "timeouts": null
          },
          "sensitive_attributes": [],
          "identity_schema_version": 0,
          "private": "eyJlMmJmYjczMC1lY2FhLTExZTYtOGY4OC0zNDM2M2JjN2M0YzAiOnsiY3JlYXRlIjo2MDAwMDAwMDAwMDAsImRlbGV0ZSI6MTgwMDAwMDAwMDAwMCwidXBkYXRlIjo2MDAwMDAwMDAwMDB9fQ==",
          "dependencies": [
            "module.vpc.aws_eip.nat",
            "module.vpc.aws_internet_gateway.this",
            "module.vpc.aws_subnet.public",
            "module.vpc.aws_vpc.this"
          ]
        }
      ]
    },
    {
      "module": "module.vpc",
      "mode": "managed",
      "type": "aws_route",
      "name": "private_nat",
      "provider": "provider[\"registry.terraform.io/hashicorp/aws\"]",
      "instances": [
        {
          "index_key": 0,
          "schema_version": 0,
          "attributes": {
            "carrier_gateway_id": "",
            "core_network_arn": "",
            "destination_cidr_block": "0.0.0.0/0",
            "destination_ipv6_cidr_block": "",
            "destination_prefix_list_id": "",
            "egress_only_gateway_id": "",
            "gateway_id": "",
            "id": "r-rtb-000254d97347c808e1080289494",
            "instance_id": "",
            "instance_owner_id": "",
            "local_gateway_id": "",
            "nat_gateway_id": "nat-099696ce8565fe745",
            "network_interface_id": "",
            "origin": "CreateRoute",
            "route_table_id": "rtb-000254d97347c808e",
            "state": "active",
            "timeouts": null,
            "transit_gateway_id": "",
            "vpc_endpoint_id": "",
            "vpc_peering_connection_id": ""
          },
          "sensitive_attributes": [],
          "identity_schema_version": 0,
          "private": "eyJlMmJmYjczMC1lY2FhLTExZTYtOGY4OC0zNDM2M2JjN2M0YzAiOnsiY3JlYXRlIjozMDAwMDAwMDAwMDAsImRlbGV0ZSI6MzAwMDAwMDAwMDAwLCJ1cGRhdGUiOjEyMDAwMDAwMDAwMH19",
          "dependencies": [
            "module.vpc.aws_eip.nat",
            "module.vpc.aws_internet_gateway.this",
            "module.vpc.aws_nat_gateway.this",
            "module.vpc.aws_route_table.private",
            "module.vpc.aws_subnet.public",
            "module.vpc.aws_vpc.this"
          ]
        },
        {
          "index_key": 1,
          "schema_version": 0,
          "attributes": {
            "carrier_gateway_id": "",
            "core_network_arn": "",
            "destination_cidr_block": "0.0.0.0/0",
            "destination_ipv6_cidr_block": "",
            "destination_prefix_list_id": "",
            "egress_only_gateway_id": "",
            "gateway_id": "",
            "id": "r-rtb-0fe5b858d1a7b46951080289494",
            "instance_id": "",
            "instance_owner_id": "",
            "local_gateway_id": "",
            "nat_gateway_id": "nat-099696ce8565fe745",
            "network_interface_id": "",
            "origin": "CreateRoute",
            "route_table_id": "rtb-0fe5b858d1a7b4695",
            "state": "active",
            "timeouts": null,
            "transit_gateway_id": "",
            "vpc_endpoint_id": "",
            "vpc_peering_connection_id": ""
          },
          "sensitive_attributes": [],
          "identity_schema_version": 0,
          "private": "eyJlMmJmYjczMC1lY2FhLTExZTYtOGY4OC0zNDM2M2JjN2M0YzAiOnsiY3JlYXRlIjozMDAwMDAwMDAwMDAsImRlbGV0ZSI6MzAwMDAwMDAwMDAwLCJ1cGRhdGUiOjEyMDAwMDAwMDAwMH19",
          "dependencies": [
            "module.vpc.aws_eip.nat",
            "module.vpc.aws_internet_gateway.this",
            "module.vpc.aws_nat_gateway.this",
            "module.vpc.aws_route_table.private",
            "module.vpc.aws_subnet.public",
            "module.vpc.aws_vpc.this"
          ]
        },
        {
          "index_key": 2,
          "schema_version": 0,
          "attributes": {
            "carrier_gateway_id": "",
            "core_network_arn": "",
            "destination_cidr_block": "0.0.0.0/0",
            "destination_ipv6_cidr_block": "",
            "destination_prefix_list_id": "",
            "egress_only_gateway_id": "",
            "gateway_id": "",
            "id": "r-rtb-0e9268936061121a31080289494",
            "instance_id": "",
            "instance_owner_id": "",
            "local_gateway_id": "",
            "nat_gateway_id": "nat-099696ce8565fe745",
            "network_interface_id": "",
            "origin": "CreateRoute",
            "route_table_id": "rtb-0e9268936061121a3",
            "state": "active",
            "timeouts": null,
            "transit_gateway_id": "",
            "vpc_endpoint_id": "",
            "vpc_peering_connection_id": ""
          },
          "sensitive_attributes": [],
          "identity_schema_version": 0,
          "private": "eyJlMmJmYjczMC1lY2FhLTExZTYtOGY4OC0zNDM2M2JjN2M0YzAiOnsiY3JlYXRlIjozMDAwMDAwMDAwMDAsImRlbGV0ZSI6MzAwMDAwMDAwMDAwLCJ1cGRhdGUiOjEyMDAwMDAwMDAwMH19",
          "dependencies": [
            "module.vpc.aws_eip.nat",
            "module.vpc.aws_internet_gateway.this",
            "module.vpc.aws_nat_gateway.this",
            "module.vpc.aws_route_table.private",
            "module.vpc.aws_subnet.public",
            "module.vpc.aws_vpc.this"
          ]
        }
      ]
    },
    {
      "module": "module.vpc",
      "mode": "managed",
      "type": "aws_route",
      "name": "public_internet",
      "provider": "provider[\"registry.terraform.io/hashicorp/aws\"]",
      "instances": [
        {
          "schema_version": 0,
          "attributes": {
            "carrier_gateway_id": "",
            "core_network_arn": "",
            "destination_cidr_block": "0.0.0.0/0",
            "destination_ipv6_cidr_block": "",
            "destination_prefix_list_id": "",
            "egress_only_gateway_id": "",
            "gateway_id": "igw-04b7a7dd32c1abf71",
            "id": "r-rtb-072ce4383ea30309f1080289494",
            "instance_id": "",
            "instance_owner_id": "",
            "local_gateway_id": "",
            "nat_gateway_id": "",
            "network_interface_id": "",
            "origin": "CreateRoute",
            "route_table_id": "rtb-072ce4383ea30309f",
            "state": "active",
            "timeouts": null,
            "transit_gateway_id": "",
            "vpc_endpoint_id": "",
            "vpc_peering_connection_id": ""
          },
          "sensitive_attributes": [],
          "identity_schema_version": 0,
          "private": "eyJlMmJmYjczMC1lY2FhLTExZTYtOGY4OC0zNDM2M2JjN2M0YzAiOnsiY3JlYXRlIjozMDAwMDAwMDAwMDAsImRlbGV0ZSI6MzAwMDAwMDAwMDAwLCJ1cGRhdGUiOjEyMDAwMDAwMDAwMH19",
          "dependencies": [
            "module.vpc.aws_internet_gateway.this",
            "module.vpc.aws_route_table.public",
            "module.vpc.aws_vpc.this"
          ]
        }
      ]
    },
    {
      "module": "module.vpc",
      "mode": "managed",
      "type": "aws_route_table",
      "name": "private",
      "provider": "provider[\"registry.terraform.io/hashicorp/aws\"]",
      "instances": [
        {
          "index_key": 0,
          "schema_version": 0,
          "attributes": {
            "arn": "arn:aws:ec2:ap-southeast-1:495113986501:route-table/rtb-000254d97347c808e",
            "id": "rtb-000254d97347c808e",
            "owner_id": "495113986501",
            "propagating_vgws": [],
            "route": [],
            "tags": {
              "Environment": "test",
              "ManagedBy": "terraform",
              "Name": "yec-elevator-test-private-rt-0",
              "Project": "yec-elevator",
              "Sub-Tag": "Yoma Elevator"
            },
            "tags_all": {
              "Environment": "test",
              "ManagedBy": "terraform",
              "Name": "yec-elevator-test-private-rt-0",
              "Project": "yec-elevator",
              "Sub-Tag": "Yoma Elevator"
            },
            "timeouts": null,
            "vpc_id": "vpc-090438837e5826cf3"
          },
          "sensitive_attributes": [],
          "identity_schema_version": 0,
          "private": "eyJlMmJmYjczMC1lY2FhLTExZTYtOGY4OC0zNDM2M2JjN2M0YzAiOnsiY3JlYXRlIjozMDAwMDAwMDAwMDAsImRlbGV0ZSI6MzAwMDAwMDAwMDAwLCJ1cGRhdGUiOjEyMDAwMDAwMDAwMH19",
          "dependencies": [
            "module.vpc.aws_vpc.this"
          ]
        },
        {
          "index_key": 1,
          "schema_version": 0,
          "attributes": {
            "arn": "arn:aws:ec2:ap-southeast-1:495113986501:route-table/rtb-0fe5b858d1a7b4695",
            "id": "rtb-0fe5b858d1a7b4695",
            "owner_id": "495113986501",
            "propagating_vgws": [],
            "route": [],
            "tags": {
              "Environment": "test",
              "ManagedBy": "terraform",
              "Name": "yec-elevator-test-private-rt-1",
              "Project": "yec-elevator",
              "Sub-Tag": "Yoma Elevator"
            },
            "tags_all": {
              "Environment": "test",
              "ManagedBy": "terraform",
              "Name": "yec-elevator-test-private-rt-1",
              "Project": "yec-elevator",
              "Sub-Tag": "Yoma Elevator"
            },
            "timeouts": null,
            "vpc_id": "vpc-090438837e5826cf3"
          },
          "sensitive_attributes": [],
          "identity_schema_version": 0,
          "private": "eyJlMmJmYjczMC1lY2FhLTExZTYtOGY4OC0zNDM2M2JjN2M0YzAiOnsiY3JlYXRlIjozMDAwMDAwMDAwMDAsImRlbGV0ZSI6MzAwMDAwMDAwMDAwLCJ1cGRhdGUiOjEyMDAwMDAwMDAwMH19",
          "dependencies": [
            "module.vpc.aws_vpc.this"
          ]
        },
        {
          "index_key": 2,
          "schema_version": 0,
          "attributes": {
            "arn": "arn:aws:ec2:ap-southeast-1:495113986501:route-table/rtb-0e9268936061121a3",
            "id": "rtb-0e9268936061121a3",
            "owner_id": "495113986501",
            "propagating_vgws": [],
            "route": [],
            "tags": {
              "Environment": "test",
              "ManagedBy": "terraform",
              "Name": "yec-elevator-test-private-rt-2",
              "Project": "yec-elevator",
              "Sub-Tag": "Yoma Elevator"
            },
            "tags_all": {
              "Environment": "test",
              "ManagedBy": "terraform",
              "Name": "yec-elevator-test-private-rt-2",
              "Project": "yec-elevator",
              "Sub-Tag": "Yoma Elevator"
            },
            "timeouts": null,
            "vpc_id": "vpc-090438837e5826cf3"
          },
          "sensitive_attributes": [],
          "identity_schema_version": 0,
          "private": "eyJlMmJmYjczMC1lY2FhLTExZTYtOGY4OC0zNDM2M2JjN2M0YzAiOnsiY3JlYXRlIjozMDAwMDAwMDAwMDAsImRlbGV0ZSI6MzAwMDAwMDAwMDAwLCJ1cGRhdGUiOjEyMDAwMDAwMDAwMH19",
          "dependencies": [
            "module.vpc.aws_vpc.this"
          ]
        }
      ]
    },
    {
      "module": "module.vpc",
      "mode": "managed",
      "type": "aws_route_table",
      "name": "public",
      "provider": "provider[\"registry.terraform.io/hashicorp/aws\"]",
      "instances": [
        {
          "schema_version": 0,
          "attributes": {
            "arn": "arn:aws:ec2:ap-southeast-1:495113986501:route-table/rtb-072ce4383ea30309f",
            "id": "rtb-072ce4383ea30309f",
            "owner_id": "495113986501",
            "propagating_vgws": [],
            "route": [],
            "tags": {
              "Environment": "test",
              "ManagedBy": "terraform",
              "Name": "yec-elevator-test-public-rt",
              "Project": "yec-elevator",
              "Sub-Tag": "Yoma Elevator"
            },
            "tags_all": {
              "Environment": "test",
              "ManagedBy": "terraform",
              "Name": "yec-elevator-test-public-rt",
              "Project": "yec-elevator",
              "Sub-Tag": "Yoma Elevator"
            },
            "timeouts": null,
            "vpc_id": "vpc-090438837e5826cf3"
          },
          "sensitive_attributes": [],
          "identity_schema_version": 0,
          "private": "eyJlMmJmYjczMC1lY2FhLTExZTYtOGY4OC0zNDM2M2JjN2M0YzAiOnsiY3JlYXRlIjozMDAwMDAwMDAwMDAsImRlbGV0ZSI6MzAwMDAwMDAwMDAwLCJ1cGRhdGUiOjEyMDAwMDAwMDAwMH19",
          "dependencies": [
            "module.vpc.aws_vpc.this"
          ]
        }
      ]
    },
    {
      "module": "module.vpc",
      "mode": "managed",
      "type": "aws_route_table_association",
      "name": "db",
      "provider": "provider[\"registry.terraform.io/hashicorp/aws\"]",
      "instances": [
        {
          "index_key": 0,
          "schema_version": 0,
          "attributes": {
            "gateway_id": "",
            "id": "rtbassoc-008e334265e614cb3",
            "route_table_id": "rtb-000254d97347c808e",
            "subnet_id": "subnet-06dbb291fd19e2156",
            "timeouts": null
          },
          "sensitive_attributes": [],
          "identity_schema_version": 0,
          "private": "eyJlMmJmYjczMC1lY2FhLTExZTYtOGY4OC0zNDM2M2JjN2M0YzAiOnsiY3JlYXRlIjozMDAwMDAwMDAwMDAsImRlbGV0ZSI6MzAwMDAwMDAwMDAwLCJ1cGRhdGUiOjEyMDAwMDAwMDAwMH19",
          "dependencies": [
            "module.vpc.aws_route_table.private",
            "module.vpc.aws_subnet.db",
            "module.vpc.aws_vpc.this"
          ]
        },
        {
          "index_key": 1,
          "schema_version": 0,
          "attributes": {
            "gateway_id": "",
            "id": "rtbassoc-08b4b5bda64bdc26c",
            "route_table_id": "rtb-0fe5b858d1a7b4695",
            "subnet_id": "subnet-0dde2d7edc02a5316",
            "timeouts": null
          },
          "sensitive_attributes": [],
          "identity_schema_version": 0,
          "private": "eyJlMmJmYjczMC1lY2FhLTExZTYtOGY4OC0zNDM2M2JjN2M0YzAiOnsiY3JlYXRlIjozMDAwMDAwMDAwMDAsImRlbGV0ZSI6MzAwMDAwMDAwMDAwLCJ1cGRhdGUiOjEyMDAwMDAwMDAwMH19",
          "dependencies": [
            "module.vpc.aws_route_table.private",
            "module.vpc.aws_subnet.db",
            "module.vpc.aws_vpc.this"
          ]
        },
        {
          "index_key": 2,
          "schema_version": 0,
          "attributes": {
            "gateway_id": "",
            "id": "rtbassoc-0008747ed907e7c22",
            "route_table_id": "rtb-0e9268936061121a3",
            "subnet_id": "subnet-012528ea157923a80",
            "timeouts": null
          },
          "sensitive_attributes": [],
          "identity_schema_version": 0,
          "private": "eyJlMmJmYjczMC1lY2FhLTExZTYtOGY4OC0zNDM2M2JjN2M0YzAiOnsiY3JlYXRlIjozMDAwMDAwMDAwMDAsImRlbGV0ZSI6MzAwMDAwMDAwMDAwLCJ1cGRhdGUiOjEyMDAwMDAwMDAwMH19",
          "dependencies": [
            "module.vpc.aws_route_table.private",
            "module.vpc.aws_subnet.db",
            "module.vpc.aws_vpc.this"
          ]
        }
      ]
    },
    {
      "module": "module.vpc",
      "mode": "managed",
      "type": "aws_route_table_association",
      "name": "private",
      "provider": "provider[\"registry.terraform.io/hashicorp/aws\"]",
      "instances": [
        {
          "index_key": 0,
          "schema_version": 0,
          "attributes": {
            "gateway_id": "",
            "id": "rtbassoc-0aefd795dde7f4a73",
            "route_table_id": "rtb-000254d97347c808e",
            "subnet_id": "subnet-067b755c8ed3fbe2c",
            "timeouts": null
          },
          "sensitive_attributes": [],
          "identity_schema_version": 0,
          "private": "eyJlMmJmYjczMC1lY2FhLTExZTYtOGY4OC0zNDM2M2JjN2M0YzAiOnsiY3JlYXRlIjozMDAwMDAwMDAwMDAsImRlbGV0ZSI6MzAwMDAwMDAwMDAwLCJ1cGRhdGUiOjEyMDAwMDAwMDAwMH19",
          "dependencies": [
            "module.vpc.aws_route_table.private",
            "module.vpc.aws_subnet.private",
            "module.vpc.aws_vpc.this"
          ]
        },
        {
          "index_key": 1,
          "schema_version": 0,
          "attributes": {
            "gateway_id": "",
            "id": "rtbassoc-016510f4160a0f2db",
            "route_table_id": "rtb-0fe5b858d1a7b4695",
            "subnet_id": "subnet-0ab5444aeab87fecc",
            "timeouts": null
          },
          "sensitive_attributes": [],
          "identity_schema_version": 0,
          "private": "eyJlMmJmYjczMC1lY2FhLTExZTYtOGY4OC0zNDM2M2JjN2M0YzAiOnsiY3JlYXRlIjozMDAwMDAwMDAwMDAsImRlbGV0ZSI6MzAwMDAwMDAwMDAwLCJ1cGRhdGUiOjEyMDAwMDAwMDAwMH19",
          "dependencies": [
            "module.vpc.aws_route_table.private",
            "module.vpc.aws_subnet.private",
            "module.vpc.aws_vpc.this"
          ]
        },
        {
          "index_key": 2,
          "schema_version": 0,
          "attributes": {
            "gateway_id": "",
            "id": "rtbassoc-090931a7d99ffb473",
            "route_table_id": "rtb-0e9268936061121a3",
            "subnet_id": "subnet-0db73c2e8cff2af98",
            "timeouts": null
          },
          "sensitive_attributes": [],
          "identity_schema_version": 0,
          "private": "eyJlMmJmYjczMC1lY2FhLTExZTYtOGY4OC0zNDM2M2JjN2M0YzAiOnsiY3JlYXRlIjozMDAwMDAwMDAwMDAsImRlbGV0ZSI6MzAwMDAwMDAwMDAwLCJ1cGRhdGUiOjEyMDAwMDAwMDAwMH19",
          "dependencies": [
            "module.vpc.aws_route_table.private",
            "module.vpc.aws_subnet.private",
            "module.vpc.aws_vpc.this"
          ]
        }
      ]
    },
    {
      "module": "module.vpc",
      "mode": "managed",
      "type": "aws_route_table_association",
      "name": "public",
      "provider": "provider[\"registry.terraform.io/hashicorp/aws\"]",
      "instances": [
        {
          "index_key": 0,
          "schema_version": 0,
          "attributes": {
            "gateway_id": "",
            "id": "rtbassoc-05faba071f00d5313",
            "route_table_id": "rtb-072ce4383ea30309f",
            "subnet_id": "subnet-0efee44fca41e9a8b",
            "timeouts": null
          },
          "sensitive_attributes": [],
          "identity_schema_version": 0,
          "private": "eyJlMmJmYjczMC1lY2FhLTExZTYtOGY4OC0zNDM2M2JjN2M0YzAiOnsiY3JlYXRlIjozMDAwMDAwMDAwMDAsImRlbGV0ZSI6MzAwMDAwMDAwMDAwLCJ1cGRhdGUiOjEyMDAwMDAwMDAwMH19",
          "dependencies": [
            "module.vpc.aws_route_table.public",
            "module.vpc.aws_subnet.public",
            "module.vpc.aws_vpc.this"
          ]
        },
        {
          "index_key": 1,
          "schema_version": 0,
          "attributes": {
            "gateway_id": "",
            "id": "rtbassoc-0c7ef084fe52dc11b",
            "route_table_id": "rtb-072ce4383ea30309f",
            "subnet_id": "subnet-04947c8ab8137674b",
            "timeouts": null
          },
          "sensitive_attributes": [],
          "identity_schema_version": 0,
          "private": "eyJlMmJmYjczMC1lY2FhLTExZTYtOGY4OC0zNDM2M2JjN2M0YzAiOnsiY3JlYXRlIjozMDAwMDAwMDAwMDAsImRlbGV0ZSI6MzAwMDAwMDAwMDAwLCJ1cGRhdGUiOjEyMDAwMDAwMDAwMH19",
          "dependencies": [
            "module.vpc.aws_route_table.public",
            "module.vpc.aws_subnet.public",
            "module.vpc.aws_vpc.this"
          ]
        },
        {
          "index_key": 2,
          "schema_version": 0,
          "attributes": {
            "gateway_id": "",
            "id": "rtbassoc-0caba064f109616c8",
            "route_table_id": "rtb-072ce4383ea30309f",
            "subnet_id": "subnet-05606cfcbd613d6d3",
            "timeouts": null
          },
          "sensitive_attributes": [],
          "identity_schema_version": 0,
          "private": "eyJlMmJmYjczMC1lY2FhLTExZTYtOGY4OC0zNDM2M2JjN2M0YzAiOnsiY3JlYXRlIjozMDAwMDAwMDAwMDAsImRlbGV0ZSI6MzAwMDAwMDAwMDAwLCJ1cGRhdGUiOjEyMDAwMDAwMDAwMH19",
          "dependencies": [
            "module.vpc.aws_route_table.public",
            "module.vpc.aws_subnet.public",
            "module.vpc.aws_vpc.this"
          ]
        }
      ]
    },
    {
      "module": "module.vpc",
      "mode": "managed",
      "type": "aws_subnet",
      "name": "db",
      "provider": "provider[\"registry.terraform.io/hashicorp/aws\"]",
      "instances": [
        {
          "index_key": 0,
          "schema_version": 1,
          "attributes": {
            "arn": "arn:aws:ec2:ap-southeast-1:495113986501:subnet/subnet-06dbb291fd19e2156",
            "assign_ipv6_address_on_creation": false,
            "availability_zone": "ap-southeast-1a",
            "availability_zone_id": "apse1-az1",
            "cidr_block": "10.70.7.0/24",
            "customer_owned_ipv4_pool": "",
            "enable_dns64": false,
            "enable_lni_at_device_index": 0,
            "enable_resource_name_dns_a_record_on_launch": false,
            "enable_resource_name_dns_aaaa_record_on_launch": false,
            "id": "subnet-06dbb291fd19e2156",
            "ipv6_cidr_block": "",
            "ipv6_cidr_block_association_id": "",
            "ipv6_native": false,
            "map_customer_owned_ip_on_launch": false,
            "map_public_ip_on_launch": false,
            "outpost_arn": "",
            "owner_id": "495113986501",
            "private_dns_hostname_type_on_launch": "ip-name",
            "tags": {
              "Environment": "test",
              "ManagedBy": "terraform",
              "Name": "yec-elevator-test-db-ap-southeast-1a",
              "Project": "yec-elevator",
              "Sub-Tag": "Yoma Elevator",
              "Tier": "db"
            },
            "tags_all": {
              "Environment": "test",
              "ManagedBy": "terraform",
              "Name": "yec-elevator-test-db-ap-southeast-1a",
              "Project": "yec-elevator",
              "Sub-Tag": "Yoma Elevator",
              "Tier": "db"
            },
            "timeouts": null,
            "vpc_id": "vpc-090438837e5826cf3"
          },
          "sensitive_attributes": [],
          "identity_schema_version": 0,
          "private": "eyJlMmJmYjczMC1lY2FhLTExZTYtOGY4OC0zNDM2M2JjN2M0YzAiOnsiY3JlYXRlIjo2MDAwMDAwMDAwMDAsImRlbGV0ZSI6MTIwMDAwMDAwMDAwMH0sInNjaGVtYV92ZXJzaW9uIjoiMSJ9",
          "dependencies": [
            "module.vpc.aws_vpc.this"
          ]
        },
        {
          "index_key": 1,
          "schema_version": 1,
          "attributes": {
            "arn": "arn:aws:ec2:ap-southeast-1:495113986501:subnet/subnet-0dde2d7edc02a5316",
            "assign_ipv6_address_on_creation": false,
            "availability_zone": "ap-southeast-1b",
            "availability_zone_id": "apse1-az2",
            "cidr_block": "10.70.8.0/24",
            "customer_owned_ipv4_pool": "",
            "enable_dns64": false,
            "enable_lni_at_device_index": 0,
            "enable_resource_name_dns_a_record_on_launch": false,
            "enable_resource_name_dns_aaaa_record_on_launch": false,
            "id": "subnet-0dde2d7edc02a5316",
            "ipv6_cidr_block": "",
            "ipv6_cidr_block_association_id": "",
            "ipv6_native": false,
            "map_customer_owned_ip_on_launch": false,
            "map_public_ip_on_launch": false,
            "outpost_arn": "",
            "owner_id": "495113986501",
            "private_dns_hostname_type_on_launch": "ip-name",
            "tags": {
              "Environment": "test",
              "ManagedBy": "terraform",
              "Name": "yec-elevator-test-db-ap-southeast-1b",
              "Project": "yec-elevator",
              "Sub-Tag": "Yoma Elevator",
              "Tier": "db"
            },
            "tags_all": {
              "Environment": "test",
              "ManagedBy": "terraform",
              "Name": "yec-elevator-test-db-ap-southeast-1b",
              "Project": "yec-elevator",
              "Sub-Tag": "Yoma Elevator",
              "Tier": "db"
            },
            "timeouts": null,
            "vpc_id": "vpc-090438837e5826cf3"
          },
          "sensitive_attributes": [],
          "identity_schema_version": 0,
          "private": "eyJlMmJmYjczMC1lY2FhLTExZTYtOGY4OC0zNDM2M2JjN2M0YzAiOnsiY3JlYXRlIjo2MDAwMDAwMDAwMDAsImRlbGV0ZSI6MTIwMDAwMDAwMDAwMH0sInNjaGVtYV92ZXJzaW9uIjoiMSJ9",
          "dependencies": [
            "module.vpc.aws_vpc.this"
          ]
        },
        {
          "index_key": 2,
          "schema_version": 1,
          "attributes": {
            "arn": "arn:aws:ec2:ap-southeast-1:495113986501:subnet/subnet-012528ea157923a80",
            "assign_ipv6_address_on_creation": false,
            "availability_zone": "ap-southeast-1c",
            "availability_zone_id": "apse1-az3",
            "cidr_block": "10.70.9.0/24",
            "customer_owned_ipv4_pool": "",
            "enable_dns64": false,
            "enable_lni_at_device_index": 0,
            "enable_resource_name_dns_a_record_on_launch": false,
            "enable_resource_name_dns_aaaa_record_on_launch": false,
            "id": "subnet-012528ea157923a80",
            "ipv6_cidr_block": "",
            "ipv6_cidr_block_association_id": "",
            "ipv6_native": false,
            "map_customer_owned_ip_on_launch": false,
            "map_public_ip_on_launch": false,
            "outpost_arn": "",
            "owner_id": "495113986501",
            "private_dns_hostname_type_on_launch": "ip-name",
            "tags": {
              "Environment": "test",
              "ManagedBy": "terraform",
              "Name": "yec-elevator-test-db-ap-southeast-1c",
              "Project": "yec-elevator",
              "Sub-Tag": "Yoma Elevator",
              "Tier": "db"
            },
            "tags_all": {
              "Environment": "test",
              "ManagedBy": "terraform",
              "Name": "yec-elevator-test-db-ap-southeast-1c",
              "Project": "yec-elevator",
              "Sub-Tag": "Yoma Elevator",
              "Tier": "db"
            },
            "timeouts": null,
            "vpc_id": "vpc-090438837e5826cf3"
          },
          "sensitive_attributes": [],
          "identity_schema_version": 0,
          "private": "eyJlMmJmYjczMC1lY2FhLTExZTYtOGY4OC0zNDM2M2JjN2M0YzAiOnsiY3JlYXRlIjo2MDAwMDAwMDAwMDAsImRlbGV0ZSI6MTIwMDAwMDAwMDAwMH0sInNjaGVtYV92ZXJzaW9uIjoiMSJ9",
          "dependencies": [
            "module.vpc.aws_vpc.this"
          ]
        }
      ]
    },
    {
      "module": "module.vpc",
      "mode": "managed",
      "type": "aws_subnet",
      "name": "private",
      "provider": "provider[\"registry.terraform.io/hashicorp/aws\"]",
      "instances": [
        {
          "index_key": 0,
          "schema_version": 1,
          "attributes": {
            "arn": "arn:aws:ec2:ap-southeast-1:495113986501:subnet/subnet-067b755c8ed3fbe2c",
            "assign_ipv6_address_on_creation": false,
            "availability_zone": "ap-southeast-1a",
            "availability_zone_id": "apse1-az1",
            "cidr_block": "10.70.4.0/24",
            "customer_owned_ipv4_pool": "",
            "enable_dns64": false,
            "enable_lni_at_device_index": 0,
            "enable_resource_name_dns_a_record_on_launch": false,
            "enable_resource_name_dns_aaaa_record_on_launch": false,
            "id": "subnet-067b755c8ed3fbe2c",
            "ipv6_cidr_block": "",
            "ipv6_cidr_block_association_id": "",
            "ipv6_native": false,
            "map_customer_owned_ip_on_launch": false,
            "map_public_ip_on_launch": false,
            "outpost_arn": "",
            "owner_id": "495113986501",
            "private_dns_hostname_type_on_launch": "ip-name",
            "tags": {
              "Environment": "test",
              "ManagedBy": "terraform",
              "Name": "yec-elevator-test-private-ap-southeast-1a",
              "Project": "yec-elevator",
              "Sub-Tag": "Yoma Elevator",
              "Tier": "private"
            },
            "tags_all": {
              "Environment": "test",
              "ManagedBy": "terraform",
              "Name": "yec-elevator-test-private-ap-southeast-1a",
              "Project": "yec-elevator",
              "Sub-Tag": "Yoma Elevator",
              "Tier": "private"
            },
            "timeouts": null,
            "vpc_id": "vpc-090438837e5826cf3"
          },
          "sensitive_attributes": [],
          "identity_schema_version": 0,
          "private": "eyJlMmJmYjczMC1lY2FhLTExZTYtOGY4OC0zNDM2M2JjN2M0YzAiOnsiY3JlYXRlIjo2MDAwMDAwMDAwMDAsImRlbGV0ZSI6MTIwMDAwMDAwMDAwMH0sInNjaGVtYV92ZXJzaW9uIjoiMSJ9",
          "dependencies": [
            "module.vpc.aws_vpc.this"
          ]
        },
        {
          "index_key": 1,
          "schema_version": 1,
          "attributes": {
            "arn": "arn:aws:ec2:ap-southeast-1:495113986501:subnet/subnet-0ab5444aeab87fecc",
            "assign_ipv6_address_on_creation": false,
            "availability_zone": "ap-southeast-1b",
            "availability_zone_id": "apse1-az2",
            "cidr_block": "10.70.5.0/24",
            "customer_owned_ipv4_pool": "",
            "enable_dns64": false,
            "enable_lni_at_device_index": 0,
            "enable_resource_name_dns_a_record_on_launch": false,
            "enable_resource_name_dns_aaaa_record_on_launch": false,
            "id": "subnet-0ab5444aeab87fecc",
            "ipv6_cidr_block": "",
            "ipv6_cidr_block_association_id": "",
            "ipv6_native": false,
            "map_customer_owned_ip_on_launch": false,
            "map_public_ip_on_launch": false,
            "outpost_arn": "",
            "owner_id": "495113986501",
            "private_dns_hostname_type_on_launch": "ip-name",
            "tags": {
              "Environment": "test",
              "ManagedBy": "terraform",
              "Name": "yec-elevator-test-private-ap-southeast-1b",
              "Project": "yec-elevator",
              "Sub-Tag": "Yoma Elevator",
              "Tier": "private"
            },
            "tags_all": {
              "Environment": "test",
              "ManagedBy": "terraform",
              "Name": "yec-elevator-test-private-ap-southeast-1b",
              "Project": "yec-elevator",
              "Sub-Tag": "Yoma Elevator",
              "Tier": "private"
            },
            "timeouts": null,
            "vpc_id": "vpc-090438837e5826cf3"
          },
          "sensitive_attributes": [],
          "identity_schema_version": 0,
          "private": "eyJlMmJmYjczMC1lY2FhLTExZTYtOGY4OC0zNDM2M2JjN2M0YzAiOnsiY3JlYXRlIjo2MDAwMDAwMDAwMDAsImRlbGV0ZSI6MTIwMDAwMDAwMDAwMH0sInNjaGVtYV92ZXJzaW9uIjoiMSJ9",
          "dependencies": [
            "module.vpc.aws_vpc.this"
          ]
        },
        {
          "index_key": 2,
          "schema_version": 1,
          "attributes": {
            "arn": "arn:aws:ec2:ap-southeast-1:495113986501:subnet/subnet-0db73c2e8cff2af98",
            "assign_ipv6_address_on_creation": false,
            "availability_zone": "ap-southeast-1c",
            "availability_zone_id": "apse1-az3",
            "cidr_block": "10.70.6.0/24",
            "customer_owned_ipv4_pool": "",
            "enable_dns64": false,
            "enable_lni_at_device_index": 0,
            "enable_resource_name_dns_a_record_on_launch": false,
            "enable_resource_name_dns_aaaa_record_on_launch": false,
            "id": "subnet-0db73c2e8cff2af98",
            "ipv6_cidr_block": "",
            "ipv6_cidr_block_association_id": "",
            "ipv6_native": false,
            "map_customer_owned_ip_on_launch": false,
            "map_public_ip_on_launch": false,
            "outpost_arn": "",
            "owner_id": "495113986501",
            "private_dns_hostname_type_on_launch": "ip-name",
            "tags": {
              "Environment": "test",
              "ManagedBy": "terraform",
              "Name": "yec-elevator-test-private-ap-southeast-1c",
              "Project": "yec-elevator",
              "Sub-Tag": "Yoma Elevator",
              "Tier": "private"
            },
            "tags_all": {
              "Environment": "test",
              "ManagedBy": "terraform",
              "Name": "yec-elevator-test-private-ap-southeast-1c",
              "Project": "yec-elevator",
              "Sub-Tag": "Yoma Elevator",
              "Tier": "private"
            },
            "timeouts": null,
            "vpc_id": "vpc-090438837e5826cf3"
          },
          "sensitive_attributes": [],
          "identity_schema_version": 0,
          "private": "eyJlMmJmYjczMC1lY2FhLTExZTYtOGY4OC0zNDM2M2JjN2M0YzAiOnsiY3JlYXRlIjo2MDAwMDAwMDAwMDAsImRlbGV0ZSI6MTIwMDAwMDAwMDAwMH0sInNjaGVtYV92ZXJzaW9uIjoiMSJ9",
          "dependencies": [
            "module.vpc.aws_vpc.this"
          ]
        }
      ]
    },
    {
      "module": "module.vpc",
      "mode": "managed",
      "type": "aws_subnet",
      "name": "public",
      "provider": "provider[\"registry.terraform.io/hashicorp/aws\"]",
      "instances": [
        {
          "index_key": 0,
          "schema_version": 1,
          "attributes": {
            "arn": "arn:aws:ec2:ap-southeast-1:495113986501:subnet/subnet-0efee44fca41e9a8b",
            "assign_ipv6_address_on_creation": false,
            "availability_zone": "ap-southeast-1a",
            "availability_zone_id": "apse1-az1",
            "cidr_block": "10.70.1.0/24",
            "customer_owned_ipv4_pool": "",
            "enable_dns64": false,
            "enable_lni_at_device_index": 0,
            "enable_resource_name_dns_a_record_on_launch": false,
            "enable_resource_name_dns_aaaa_record_on_launch": false,
            "id": "subnet-0efee44fca41e9a8b",
            "ipv6_cidr_block": "",
            "ipv6_cidr_block_association_id": "",
            "ipv6_native": false,
            "map_customer_owned_ip_on_launch": false,
            "map_public_ip_on_launch": true,
            "outpost_arn": "",
            "owner_id": "495113986501",
            "private_dns_hostname_type_on_launch": "ip-name",
            "tags": {
              "Environment": "test",
              "ManagedBy": "terraform",
              "Name": "yec-elevator-test-public-ap-southeast-1a",
              "Project": "yec-elevator",
              "Sub-Tag": "Yoma Elevator",
              "Tier": "public"
            },
            "tags_all": {
              "Environment": "test",
              "ManagedBy": "terraform",
              "Name": "yec-elevator-test-public-ap-southeast-1a",
              "Project": "yec-elevator",
              "Sub-Tag": "Yoma Elevator",
              "Tier": "public"
            },
            "timeouts": null,
            "vpc_id": "vpc-090438837e5826cf3"
          },
          "sensitive_attributes": [],
          "identity_schema_version": 0,
          "private": "eyJlMmJmYjczMC1lY2FhLTExZTYtOGY4OC0zNDM2M2JjN2M0YzAiOnsiY3JlYXRlIjo2MDAwMDAwMDAwMDAsImRlbGV0ZSI6MTIwMDAwMDAwMDAwMH0sInNjaGVtYV92ZXJzaW9uIjoiMSJ9",
          "dependencies": [
            "module.vpc.aws_vpc.this"
          ]
        },
        {
          "index_key": 1,
          "schema_version": 1,
          "attributes": {
            "arn": "arn:aws:ec2:ap-southeast-1:495113986501:subnet/subnet-04947c8ab8137674b",
            "assign_ipv6_address_on_creation": false,
            "availability_zone": "ap-southeast-1b",
            "availability_zone_id": "apse1-az2",
            "cidr_block": "10.70.2.0/24",
            "customer_owned_ipv4_pool": "",
            "enable_dns64": false,
            "enable_lni_at_device_index": 0,
            "enable_resource_name_dns_a_record_on_launch": false,
            "enable_resource_name_dns_aaaa_record_on_launch": false,
            "id": "subnet-04947c8ab8137674b",
            "ipv6_cidr_block": "",
            "ipv6_cidr_block_association_id": "",
            "ipv6_native": false,
            "map_customer_owned_ip_on_launch": false,
            "map_public_ip_on_launch": true,
            "outpost_arn": "",
            "owner_id": "495113986501",
            "private_dns_hostname_type_on_launch": "ip-name",
            "tags": {
              "Environment": "test",
              "ManagedBy": "terraform",
              "Name": "yec-elevator-test-public-ap-southeast-1b",
              "Project": "yec-elevator",
              "Sub-Tag": "Yoma Elevator",
              "Tier": "public"
            },
            "tags_all": {
              "Environment": "test",
              "ManagedBy": "terraform",
              "Name": "yec-elevator-test-public-ap-southeast-1b",
              "Project": "yec-elevator",
              "Sub-Tag": "Yoma Elevator",
              "Tier": "public"
            },
            "timeouts": null,
            "vpc_id": "vpc-090438837e5826cf3"
          },
          "sensitive_attributes": [],
          "identity_schema_version": 0,
          "private": "eyJlMmJmYjczMC1lY2FhLTExZTYtOGY4OC0zNDM2M2JjN2M0YzAiOnsiY3JlYXRlIjo2MDAwMDAwMDAwMDAsImRlbGV0ZSI6MTIwMDAwMDAwMDAwMH0sInNjaGVtYV92ZXJzaW9uIjoiMSJ9",
          "dependencies": [
            "module.vpc.aws_vpc.this"
          ]
        },
        {
          "index_key": 2,
          "schema_version": 1,
          "attributes": {
            "arn": "arn:aws:ec2:ap-southeast-1:495113986501:subnet/subnet-05606cfcbd613d6d3",
            "assign_ipv6_address_on_creation": false,
            "availability_zone": "ap-southeast-1c",
            "availability_zone_id": "apse1-az3",
            "cidr_block": "10.70.3.0/24",
            "customer_owned_ipv4_pool": "",
            "enable_dns64": false,
            "enable_lni_at_device_index": 0,
            "enable_resource_name_dns_a_record_on_launch": false,
            "enable_resource_name_dns_aaaa_record_on_launch": false,
            "id": "subnet-05606cfcbd613d6d3",
            "ipv6_cidr_block": "",
            "ipv6_cidr_block_association_id": "",
            "ipv6_native": false,
            "map_customer_owned_ip_on_launch": false,
            "map_public_ip_on_launch": true,
            "outpost_arn": "",
            "owner_id": "495113986501",
            "private_dns_hostname_type_on_launch": "ip-name",
            "tags": {
              "Environment": "test",
              "ManagedBy": "terraform",
              "Name": "yec-elevator-test-public-ap-southeast-1c",
              "Project": "yec-elevator",
              "Sub-Tag": "Yoma Elevator",
              "Tier": "public"
            },
            "tags_all": {
              "Environment": "test",
              "ManagedBy": "terraform",
              "Name": "yec-elevator-test-public-ap-southeast-1c",
              "Project": "yec-elevator",
              "Sub-Tag": "Yoma Elevator",
              "Tier": "public"
            },
            "timeouts": null,
            "vpc_id": "vpc-090438837e5826cf3"
          },
          "sensitive_attributes": [],
          "identity_schema_version": 0,
          "private": "eyJlMmJmYjczMC1lY2FhLTExZTYtOGY4OC0zNDM2M2JjN2M0YzAiOnsiY3JlYXRlIjo2MDAwMDAwMDAwMDAsImRlbGV0ZSI6MTIwMDAwMDAwMDAwMH0sInNjaGVtYV92ZXJzaW9uIjoiMSJ9",
          "dependencies": [
            "module.vpc.aws_vpc.this"
          ]
        }
      ]
    },
    {
      "module": "module.vpc",
      "mode": "managed",
      "type": "aws_vpc",
      "name": "this",
      "provider": "provider[\"registry.terraform.io/hashicorp/aws\"]",
      "instances": [
        {
          "schema_version": 1,
          "attributes": {
            "arn": "arn:aws:ec2:ap-southeast-1:495113986501:vpc/vpc-090438837e5826cf3",
            "assign_generated_ipv6_cidr_block": false,
            "cidr_block": "10.70.0.0/16",
            "default_network_acl_id": "acl-05c7e54edcf358636",
            "default_route_table_id": "rtb-0c70e4b36fe320fb2",
            "default_security_group_id": "sg-060e1348d328903b6",
            "dhcp_options_id": "dopt-6a4d820c",
            "enable_dns_hostnames": true,
            "enable_dns_support": true,
            "enable_network_address_usage_metrics": false,
            "id": "vpc-090438837e5826cf3",
            "instance_tenancy": "default",
            "ipv4_ipam_pool_id": null,
            "ipv4_netmask_length": null,
            "ipv6_association_id": "",
            "ipv6_cidr_block": "",
            "ipv6_cidr_block_network_border_group": "",
            "ipv6_ipam_pool_id": "",
            "ipv6_netmask_length": 0,
            "main_route_table_id": "rtb-0c70e4b36fe320fb2",
            "owner_id": "495113986501",
            "tags": {
              "Environment": "test",
              "ManagedBy": "terraform",
              "Name": "yec-elevator-test-vpc",
              "Project": "yec-elevator",
              "Sub-Tag": "Yoma Elevator"
            },
            "tags_all": {
              "Environment": "test",
              "ManagedBy": "terraform",
              "Name": "yec-elevator-test-vpc",
              "Project": "yec-elevator",
              "Sub-Tag": "Yoma Elevator"
            }
          },
          "sensitive_attributes": [],
          "identity_schema_version": 0,
          "private": "eyJzY2hlbWFfdmVyc2lvbiI6IjEifQ=="
        }
      ]
    },
    {
      "module": "module.waf",
      "mode": "managed",
      "type": "aws_wafv2_web_acl",
      "name": "this",
      "provider": "provider[\"registry.terraform.io/hashicorp/aws\"].us_east_1",
      "instances": [
        {
          "schema_version": 0,
          "attributes": {
            "application_integration_url": "",
            "arn": "arn:aws:wafv2:us-east-1:495113986501:global/webacl/yec-elevator-test-waf/89c61edd-621f-41e3-8423-cffdd226b93b",
            "association_config": [],
            "capacity": 1127,
            "captcha_config": [],
            "challenge_config": [],
            "custom_response_body": [],
            "data_protection_config": [],
            "default_action": [
              {
                "allow": [
                  {
                    "custom_request_handling": []
                  }
                ],
                "block": []
              }
            ],
            "description": "CloudFront WAF for yec-elevator-test",
            "id": "89c61edd-621f-41e3-8423-cffdd226b93b",
            "lock_token": "7fd0817e-8786-4268-8cda-3ee96cdddfd3",
            "name": "yec-elevator-test-waf",
            "name_prefix": "",
            "rule": [
              {
                "action": [
                  {
                    "allow": [],
                    "block": [
                      {
                        "custom_response": []
                      }
                    ],
                    "captcha": [],
                    "challenge": [],
                    "count": []
                  }
                ],
                "captcha_config": [],
                "challenge_config": [],
                "name": "RateLimit",
                "override_action": [],
                "priority": 1,
                "rule_label": [],
                "statement": [
                  {
                    "and_statement": [],
                    "asn_match_statement": [],
                    "byte_match_statement": [],
                    "geo_match_statement": [],
                    "ip_set_reference_statement": [],
                    "label_match_statement": [],
                    "managed_rule_group_statement": [],
                    "not_statement": [],
                    "or_statement": [],
                    "rate_based_statement": [
                      {
                        "aggregate_key_type": "IP",
                        "custom_key": [],
                        "evaluation_window_sec": 300,
                        "forwarded_ip_config": [],
                        "limit": 300,
                        "scope_down_statement": []
                      }
                    ],
                    "regex_match_statement": [],
                    "regex_pattern_set_reference_statement": [],
                    "rule_group_reference_statement": [],
                    "size_constraint_statement": [],
                    "sqli_match_statement": [],
                    "xss_match_statement": []
                  }
                ],
                "visibility_config": [
                  {
                    "cloudwatch_metrics_enabled": true,
                    "metric_name": "RateLimit",
                    "sampled_requests_enabled": true
                  }
                ]
              },
              {
                "action": [],
                "captcha_config": [],
                "challenge_config": [],
                "name": "AWSManagedRulesAmazonIpReputationList",
                "override_action": [
                  {
                    "count": [],
                    "none": [
                      {}
                    ]
                  }
                ],
                "priority": 10,
                "rule_label": [],
                "statement": [
                  {
                    "and_statement": [],
                    "asn_match_statement": [],
                    "byte_match_statement": [],
                    "geo_match_statement": [],
                    "ip_set_reference_statement": [],
                    "label_match_statement": [],
                    "managed_rule_group_statement": [
                      {
                        "managed_rule_group_configs": [],
                        "name": "AWSManagedRulesAmazonIpReputationList",
                        "rule_action_override": [],
                        "scope_down_statement": [],
                        "vendor_name": "AWS",
                        "version": ""
                      }
                    ],
                    "not_statement": [],
                    "or_statement": [],
                    "rate_based_statement": [],
                    "regex_match_statement": [],
                    "regex_pattern_set_reference_statement": [],
                    "rule_group_reference_statement": [],
                    "size_constraint_statement": [],
                    "sqli_match_statement": [],
                    "xss_match_statement": []
                  }
                ],
                "visibility_config": [
                  {
                    "cloudwatch_metrics_enabled": true,
                    "metric_name": "AWSManagedRulesAmazonIpReputationList",
                    "sampled_requests_enabled": true
                  }
                ]
              },
              {
                "action": [],
                "captcha_config": [],
                "challenge_config": [],
                "name": "AWSManagedRulesCommonRuleSet",
                "override_action": [
                  {
                    "count": [],
                    "none": [
                      {}
                    ]
                  }
                ],
                "priority": 11,
                "rule_label": [],
                "statement": [
                  {
                    "and_statement": [],
                    "asn_match_statement": [],
                    "byte_match_statement": [],
                    "geo_match_statement": [],
                    "ip_set_reference_statement": [],
                    "label_match_statement": [],
                    "managed_rule_group_statement": [
                      {
                        "managed_rule_group_configs": [],
                        "name": "AWSManagedRulesCommonRuleSet",
                        "rule_action_override": [],
                        "scope_down_statement": [],
                        "vendor_name": "AWS",
                        "version": ""
                      }
                    ],
                    "not_statement": [],
                    "or_statement": [],
                    "rate_based_statement": [],
                    "regex_match_statement": [],
                    "regex_pattern_set_reference_statement": [],
                    "rule_group_reference_statement": [],
                    "size_constraint_statement": [],
                    "sqli_match_statement": [],
                    "xss_match_statement": []
                  }
                ],
                "visibility_config": [
                  {
                    "cloudwatch_metrics_enabled": true,
                    "metric_name": "AWSManagedRulesCommonRuleSet",
                    "sampled_requests_enabled": true
                  }
                ]
              },
              {
                "action": [],
                "captcha_config": [],
                "challenge_config": [],
                "name": "AWSManagedRulesKnownBadInputsRuleSet",
                "override_action": [
                  {
                    "count": [],
                    "none": [
                      {}
                    ]
                  }
                ],
                "priority": 12,
                "rule_label": [],
                "statement": [
                  {
                    "and_statement": [],
                    "asn_match_statement": [],
                    "byte_match_statement": [],
                    "geo_match_statement": [],
                    "ip_set_reference_statement": [],
                    "label_match_statement": [],
                    "managed_rule_group_statement": [
                      {
                        "managed_rule_group_configs": [],
                        "name": "AWSManagedRulesKnownBadInputsRuleSet",
                        "rule_action_override": [],
                        "scope_down_statement": [],
                        "vendor_name": "AWS",
                        "version": ""
                      }
                    ],
                    "not_statement": [],
                    "or_statement": [],
                    "rate_based_statement": [],
                    "regex_match_statement": [],
                    "regex_pattern_set_reference_statement": [],
                    "rule_group_reference_statement": [],
                    "size_constraint_statement": [],
                    "sqli_match_statement": [],
                    "xss_match_statement": []
                  }
                ],
                "visibility_config": [
                  {
                    "cloudwatch_metrics_enabled": true,
                    "metric_name": "AWSManagedRulesKnownBadInputsRuleSet",
                    "sampled_requests_enabled": true
                  }
                ]
              },
              {
                "action": [],
                "captcha_config": [],
                "challenge_config": [],
                "name": "AWSManagedRulesSQLiRuleSet",
                "override_action": [
                  {
                    "count": [],
                    "none": [
                      {}
                    ]
                  }
                ],
                "priority": 13,
                "rule_label": [],
                "statement": [
                  {
                    "and_statement": [],
                    "asn_match_statement": [],
                    "byte_match_statement": [],
                    "geo_match_statement": [],
                    "ip_set_reference_statement": [],
                    "label_match_statement": [],
                    "managed_rule_group_statement": [
                      {
                        "managed_rule_group_configs": [],
                        "name": "AWSManagedRulesSQLiRuleSet",
                        "rule_action_override": [],
                        "scope_down_statement": [],
                        "vendor_name": "AWS",
                        "version": ""
                      }
                    ],
                    "not_statement": [],
                    "or_statement": [],
                    "rate_based_statement": [],
                    "regex_match_statement": [],
                    "regex_pattern_set_reference_statement": [],
                    "rule_group_reference_statement": [],
                    "size_constraint_statement": [],
                    "sqli_match_statement": [],
                    "xss_match_statement": []
                  }
                ],
                "visibility_config": [
                  {
                    "cloudwatch_metrics_enabled": true,
                    "metric_name": "AWSManagedRulesSQLiRuleSet",
                    "sampled_requests_enabled": true
                  }
                ]
              }
            ],
            "rule_json": null,
            "scope": "CLOUDFRONT",
            "tags": {
              "Environment": "test",
              "ManagedBy": "terraform",
              "Project": "yec-elevator",
              "Sub-Tag": "Yoma Elevator"
            },
            "tags_all": {
              "Environment": "test",
              "ManagedBy": "terraform",
              "Project": "yec-elevator",
              "Sub-Tag": "Yoma Elevator"
            },
            "token_domains": null,
            "visibility_config": [
              {
                "cloudwatch_metrics_enabled": true,
                "metric_name": "yec-elevator-test-waf",
                "sampled_requests_enabled": true
              }
            ]
          },
          "sensitive_attributes": [],
          "identity_schema_version": 0,
          "private": "bnVsbA=="
        }
      ]
    }
  ],
  "check_results": null
}
