{
  "version": 4,
  "terraform_version": "1.15.7",
  "serial": 355,
  "lineage": "f473e9d1-551e-b33f-185e-c0c02073a31b",
  "outputs": {},
  "resources": [
    {
      "module": "module.ecs_be",
      "mode": "managed",
      "type": "aws_security_group",
      "name": "task",
      "provider": "provider[\"registry.terraform.io/hashicorp/aws\"]",
      "instances": [
        {
          "schema_version": 1,
          "attributes": {
            "arn": "arn:aws:ec2:ap-southeast-1:495113986501:security-group/sg-0e38b47367bc3bd0d",
            "description": "be ECS task - ingress from ALB only",
            "egress": [],
            "id": "sg-0e38b47367bc3bd0d",
            "ingress": [],
            "name": "yec-elevator-test-be-task",
            "name_prefix": "",
            "owner_id": "495113986501",
            "revoke_rules_on_delete": false,
            "tags": {
              "Component": "be",
              "Environment": "test",
              "ManagedBy": "terraform",
              "Name": "yec-elevator-test-be-task",
              "Project": "yec-elevator",
              "Sub-Tag": "Yoma Elevator"
            },
            "tags_all": {
              "Component": "be",
              "Environment": "test",
              "ManagedBy": "terraform",
              "Name": "yec-elevator-test-be-task",
              "Project": "yec-elevator",
              "Sub-Tag": "Yoma Elevator"
            },
            "timeouts": null,
            "vpc_id": "vpc-090438837e5826cf3"
          },
          "sensitive_attributes": [],
          "identity_schema_version": 0,
          "private": "eyJlMmJmYjczMC1lY2FhLTExZTYtOGY4OC0zNDM2M2JjN2M0YzAiOnsiY3JlYXRlIjo2MDAwMDAwMDAwMDAsImRlbGV0ZSI6OTAwMDAwMDAwMDAwfSwic2NoZW1hX3ZlcnNpb24iOiIxIn0=",
          "dependencies": [
            "module.vpc.aws_vpc.this"
          ]
        }
      ]
    },
    {
      "module": "module.ecs_fe",
      "mode": "managed",
      "type": "aws_security_group",
      "name": "task",
      "provider": "provider[\"registry.terraform.io/hashicorp/aws\"]",
      "instances": [
        {
          "schema_version": 1,
          "attributes": {
            "arn": "arn:aws:ec2:ap-southeast-1:495113986501:security-group/sg-08604461280ddef76",
            "description": "fe ECS task - ingress from ALB only",
            "egress": [],
            "id": "sg-08604461280ddef76",
            "ingress": [],
            "name": "yec-elevator-test-fe-task",
            "name_prefix": "",
            "owner_id": "495113986501",
            "revoke_rules_on_delete": false,
            "tags": {
              "Component": "fe",
              "Environment": "test",
              "ManagedBy": "terraform",
              "Name": "yec-elevator-test-fe-task",
              "Project": "yec-elevator",
              "Sub-Tag": "Yoma Elevator"
            },
            "tags_all": {
              "Component": "fe",
              "Environment": "test",
              "ManagedBy": "terraform",
              "Name": "yec-elevator-test-fe-task",
              "Project": "yec-elevator",
              "Sub-Tag": "Yoma Elevator"
            },
            "timeouts": null,
            "vpc_id": "vpc-090438837e5826cf3"
          },
          "sensitive_attributes": [],
          "identity_schema_version": 0,
          "private": "eyJlMmJmYjczMC1lY2FhLTExZTYtOGY4OC0zNDM2M2JjN2M0YzAiOnsiY3JlYXRlIjo2MDAwMDAwMDAwMDAsImRlbGV0ZSI6OTAwMDAwMDAwMDAwfSwic2NoZW1hX3ZlcnNpb24iOiIxIn0=",
          "dependencies": [
            "module.vpc.aws_vpc.this"
          ]
        }
      ]
    },
    {
      "module": "module.rds",
      "mode": "managed",
      "type": "aws_db_instance",
      "name": "this",
      "provider": "provider[\"registry.terraform.io/hashicorp/aws\"]",
      "instances": [
        {
          "schema_version": 2,
          "attributes": {
            "address": "yec-elevator-test-rds.c5o0macy4j34.ap-southeast-1.rds.amazonaws.com",
            "allocated_storage": 20,
            "allow_major_version_upgrade": null,
            "apply_immediately": false,
            "arn": "arn:aws:rds:ap-southeast-1:495113986501:db:yec-elevator-test-rds",
            "auto_minor_version_upgrade": true,
            "availability_zone": "ap-southeast-1a",
            "backup_retention_period": 7,
            "backup_target": "region",
            "backup_window": "02:00-03:00",
            "blue_green_update": [],
            "ca_cert_identifier": "rds-ca-rsa2048-g1",
            "character_set_name": "",
            "copy_tags_to_snapshot": false,
            "custom_iam_instance_profile": "",
            "customer_owned_ip_enabled": false,
            "database_insights_mode": "standard",
            "db_name": "yecl_maintenance",
            "db_subnet_group_name": "yec-elevator-test-rds",
            "dedicated_log_volume": false,
            "delete_automated_backups": true,
            "deletion_protection": true,
            "domain": "",
            "domain_auth_secret_arn": "",
            "domain_dns_ips": [],
            "domain_fqdn": "",
            "domain_iam_role_name": "",
            "domain_ou": "",
            "enabled_cloudwatch_logs_exports": [],
            "endpoint": "yec-elevator-test-rds.c5o0macy4j34.ap-southeast-1.rds.amazonaws.com:5432",
            "engine": "postgres",
            "engine_lifecycle_support": "open-source-rds-extended-support",
            "engine_version": "15.17",
            "engine_version_actual": "15.17",
            "final_snapshot_identifier": "yec-elevator-test-rds-final",
            "hosted_zone_id": "Z2G0U3KFCY8NZ5",
            "iam_database_authentication_enabled": false,
            "id": "db-L4D4XGH5PPKXQUFRWNBH7ZIPK4",
            "identifier": "yec-elevator-test-rds",
            "identifier_prefix": "",
            "instance_class": "db.t3.small",
            "iops": 0,
            "kms_key_id": "arn:aws:kms:ap-southeast-1:495113986501:key/c33b09d6-8c33-4ad5-9df0-ad0f43e7c155",
            "latest_restorable_time": "2026-07-12T04:16:57Z",
            "license_model": "postgresql-license",
            "listener_endpoint": [],
            "maintenance_window": "sun:04:00-sun:05:00",
            "manage_master_user_password": true,
            "master_user_secret": [
              {
                "kms_key_id": "arn:aws:kms:ap-southeast-1:495113986501:key/05b17710-62e3-475a-9e4d-30da492c7135",
                "secret_arn": "arn:aws:secretsmanager:ap-southeast-1:495113986501:secret:rds!db-62789c7b-d17b-4c9c-a526-e8878cdc8047-kQwNzG",
                "secret_status": "active"
              }
            ],
            "master_user_secret_kms_key_id": null,
            "max_allocated_storage": 0,
            "monitoring_interval": 0,
            "monitoring_role_arn": "",
            "multi_az": false,
            "nchar_character_set_name": "",
            "network_type": "IPV4",
            "option_group_name": "default:postgres-15",
            "parameter_group_name": "yec-elevator-test-rds",
            "password": null,
            "password_wo": null,
            "password_wo_version": null,
            "performance_insights_enabled": false,
            "performance_insights_kms_key_id": "",
            "performance_insights_retention_period": 0,
            "port": 5432,
            "publicly_accessible": false,
            "replica_mode": "",
            "replicas": [],
            "replicate_source_db": "",
            "resource_id": "db-L4D4XGH5PPKXQUFRWNBH7ZIPK4",
            "restore_to_point_in_time": [],
            "s3_import": [],
            "skip_final_snapshot": false,
            "snapshot_identifier": null,
            "status": "available",
            "storage_encrypted": true,
            "storage_throughput": 0,
            "storage_type": "gp2",
            "tags": {
              "Environment": "test",
              "ManagedBy": "terraform",
              "Name": "yec-elevator-test-rds",
              "Project": "yec-elevator",
              "Sub-Tag": "Yoma Elevator"
            },
            "tags_all": {
              "Environment": "test",
              "ManagedBy": "terraform",
              "Name": "yec-elevator-test-rds",
              "Project": "yec-elevator",
              "Sub-Tag": "Yoma Elevator"
            },
            "timeouts": null,
            "timezone": "",
            "upgrade_storage_config": null,
            "username": "zyl_admin",
            "vpc_security_group_ids": [
              "sg-0c9daeabbbe387d90"
            ]
          },
          "sensitive_attributes": [
            [
              {
                "type": "get_attr",
                "value": "password"
              }
            ],
            [
              {
                "type": "get_attr",
                "value": "password_wo"
              }
            ]
          ],
          "identity_schema_version": 0,
          "private": "eyJlMmJmYjczMC1lY2FhLTExZTYtOGY4OC0zNDM2M2JjN2M0YzAiOnsiY3JlYXRlIjozMDAwMDAwMDAwMDAwLCJkZWxldGUiOjM2MDAwMDAwMDAwMDAsInVwZGF0ZSI6NDgwMDAwMDAwMDAwMH0sInNjaGVtYV92ZXJzaW9uIjoiMiJ9",
          "dependencies": [
            "module.rds.aws_db_parameter_group.this",
            "module.rds.aws_db_subnet_group.this",
            "module.rds.aws_security_group.db",
            "module.vpc.aws_subnet.db",
            "module.vpc.aws_vpc.this"
          ]
        }
      ]
    },
    {
      "module": "module.rds",
      "mode": "managed",
      "type": "aws_db_parameter_group",
      "name": "this",
      "provider": "provider[\"registry.terraform.io/hashicorp/aws\"]",
      "instances": [
        {
          "schema_version": 0,
          "attributes": {
            "arn": "arn:aws:rds:ap-southeast-1:495113986501:pg:yec-elevator-test-rds",
            "description": "Managed by Terraform",
            "family": "postgres15",
            "id": "yec-elevator-test-rds",
            "name": "yec-elevator-test-rds",
            "name_prefix": "",
            "parameter": [],
            "skip_destroy": false,
            "tags": {
              "Environment": "test",
              "ManagedBy": "terraform",
              "Project": "yec-elevator",
              "Sub-Tag": "Yoma Elevator"
            },
            "tags_all": {
              "Environment": "test",
              "ManagedBy": "terraform",
              "Project": "yec-elevator",
              "Sub-Tag": "Yoma Elevator"
            }
          },
          "sensitive_attributes": [],
          "identity_schema_version": 0,
          "private": "bnVsbA=="
        }
      ]
    },
    {
      "module": "module.rds",
      "mode": "managed",
      "type": "aws_db_subnet_group",
      "name": "this",
      "provider": "provider[\"registry.terraform.io/hashicorp/aws\"]",
      "instances": [
        {
          "schema_version": 0,
          "attributes": {
            "arn": "arn:aws:rds:ap-southeast-1:495113986501:subgrp:yec-elevator-test-rds",
            "description": "Managed by Terraform",
            "id": "yec-elevator-test-rds",
            "name": "yec-elevator-test-rds",
            "name_prefix": "",
            "subnet_ids": [
              "subnet-012528ea157923a80",
              "subnet-06dbb291fd19e2156",
              "subnet-0dde2d7edc02a5316"
            ],
            "supported_network_types": [
              "IPV4"
            ],
            "tags": {
              "Environment": "test",
              "ManagedBy": "terraform",
              "Name": "yec-elevator-test-rds",
              "Project": "yec-elevator",
              "Sub-Tag": "Yoma Elevator"
            },
            "tags_all": {
              "Environment": "test",
              "ManagedBy": "terraform",
              "Name": "yec-elevator-test-rds",
              "Project": "yec-elevator",
              "Sub-Tag": "Yoma Elevator"
            },
            "vpc_id": "vpc-090438837e5826cf3"
          },
          "sensitive_attributes": [],
          "identity_schema_version": 0,
          "private": "bnVsbA==",
          "dependencies": [
            "module.vpc.aws_subnet.db",
            "module.vpc.aws_vpc.this"
          ]
        }
      ]
    },
    {
      "module": "module.rds",
      "mode": "managed",
      "type": "aws_security_group",
      "name": "db",
      "provider": "provider[\"registry.terraform.io/hashicorp/aws\"]",
      "instances": [
        {
          "schema_version": 1,
          "attributes": {
            "arn": "arn:aws:ec2:ap-southeast-1:495113986501:security-group/sg-0c9daeabbbe387d90",
            "description": "Postgres access for yec-elevator-test",
            "egress": [],
            "id": "sg-0c9daeabbbe387d90",
            "ingress": [],
            "name": "yec-elevator-test-rds",
            "name_prefix": "",
            "owner_id": "495113986501",
            "revoke_rules_on_delete": false,
            "tags": {
              "Environment": "test",
              "ManagedBy": "terraform",
              "Name": "yec-elevator-test-rds",
              "Project": "yec-elevator",
              "Sub-Tag": "Yoma Elevator"
            },
            "tags_all": {
              "Environment": "test",
              "ManagedBy": "terraform",
              "Name": "yec-elevator-test-rds",
              "Project": "yec-elevator",
              "Sub-Tag": "Yoma Elevator"
            },
            "timeouts": null,
            "vpc_id": "vpc-090438837e5826cf3"
          },
          "sensitive_attributes": [],
          "identity_schema_version": 0,
          "private": "eyJlMmJmYjczMC1lY2FhLTExZTYtOGY4OC0zNDM2M2JjN2M0YzAiOnsiY3JlYXRlIjo2MDAwMDAwMDAwMDAsImRlbGV0ZSI6OTAwMDAwMDAwMDAwfSwic2NoZW1hX3ZlcnNpb24iOiIxIn0=",
          "dependencies": [
            "module.vpc.aws_vpc.this"
          ]
        }
      ]
    },
    {
      "module": "module.rds",
      "mode": "managed",
      "type": "aws_security_group_rule",
      "name": "db_ingress",
      "provider": "provider[\"registry.terraform.io/hashicorp/aws\"]",
      "instances": [
        {
          "index_key": 0,
          "schema_version": 2,
          "attributes": {
            "cidr_blocks": null,
            "description": "Postgres from app task SG",
            "from_port": 5432,
            "id": "sgrule-3837970409",
            "ipv6_cidr_blocks": null,
            "prefix_list_ids": null,
            "protocol": "tcp",
            "security_group_id": "sg-0c9daeabbbe387d90",
            "security_group_rule_id": "sgr-0a97c9eeacc1a1790",
            "self": false,
            "source_security_group_id": "sg-0e38b47367bc3bd0d",
            "timeouts": null,
            "to_port": 5432,
            "type": "ingress"
          },
          "sensitive_attributes": [],
          "identity_schema_version": 0,
          "private": "eyJlMmJmYjczMC1lY2FhLTExZTYtOGY4OC0zNDM2M2JjN2M0YzAiOnsiY3JlYXRlIjozMDAwMDAwMDAwMDB9LCJzY2hlbWFfdmVyc2lvbiI6IjIifQ==",
          "dependencies": [
            "module.ecs_be.aws_security_group.task",
            "module.ecs_fe.aws_security_group.task",
            "module.rds.aws_security_group.db",
            "module.vpc.aws_vpc.this"
          ]
        },
        {
          "index_key": 1,
          "schema_version": 2,
          "attributes": {
            "cidr_blocks": null,
            "description": "Postgres from app task SG",
            "from_port": 5432,
            "id": "sgrule-4259257859",
            "ipv6_cidr_blocks": null,
            "prefix_list_ids": null,
            "protocol": "tcp",
            "security_group_id": "sg-0c9daeabbbe387d90",
            "security_group_rule_id": "sgr-0309c0b081b16f9a1",
            "self": false,
            "source_security_group_id": "sg-08604461280ddef76",
            "timeouts": null,
            "to_port": 5432,
            "type": "ingress"
          },
          "sensitive_attributes": [],
          "identity_schema_version": 0,
          "private": "eyJlMmJmYjczMC1lY2FhLTExZTYtOGY4OC0zNDM2M2JjN2M0YzAiOnsiY3JlYXRlIjozMDAwMDAwMDAwMDB9LCJzY2hlbWFfdmVyc2lvbiI6IjIifQ==",
          "dependencies": [
            "module.ecs_be.aws_security_group.task",
            "module.ecs_fe.aws_security_group.task",
            "module.rds.aws_security_group.db",
            "module.vpc.aws_vpc.this"
          ]
        }
      ]
    },
    {
      "module": "module.vpc",
      "mode": "managed",
      "type": "aws_subnet",
      "name": "db",
      "provider": "provider[\"registry.terraform.io/hashicorp/aws\"]",
      "instances": [
        {
          "index_key": 0,
          "schema_version": 1,
          "attributes": {
            "arn": "arn:aws:ec2:ap-southeast-1:495113986501:subnet/subnet-06dbb291fd19e2156",
            "assign_ipv6_address_on_creation": false,
            "availability_zone": "ap-southeast-1a",
            "availability_zone_id": "apse1-az1",
            "cidr_block": "10.70.7.0/24",
            "customer_owned_ipv4_pool": "",
            "enable_dns64": false,
            "enable_lni_at_device_index": 0,
            "enable_resource_name_dns_a_record_on_launch": false,
            "enable_resource_name_dns_aaaa_record_on_launch": false,
            "id": "subnet-06dbb291fd19e2156",
            "ipv6_cidr_block": "",
            "ipv6_cidr_block_association_id": "",
            "ipv6_native": false,
            "map_customer_owned_ip_on_launch": false,
            "map_public_ip_on_launch": false,
            "outpost_arn": "",
            "owner_id": "495113986501",
            "private_dns_hostname_type_on_launch": "ip-name",
            "tags": {
              "Environment": "test",
              "ManagedBy": "terraform",
              "Name": "yec-elevator-test-db-ap-southeast-1a",
              "Project": "yec-elevator",
              "Sub-Tag": "Yoma Elevator",
              "Tier": "db"
            },
            "tags_all": {
              "Environment": "test",
              "ManagedBy": "terraform",
              "Name": "yec-elevator-test-db-ap-southeast-1a",
              "Project": "yec-elevator",
              "Sub-Tag": "Yoma Elevator",
              "Tier": "db"
            },
            "timeouts": null,
            "vpc_id": "vpc-090438837e5826cf3"
          },
          "sensitive_attributes": [],
          "identity_schema_version": 0,
          "private": "eyJlMmJmYjczMC1lY2FhLTExZTYtOGY4OC0zNDM2M2JjN2M0YzAiOnsiY3JlYXRlIjo2MDAwMDAwMDAwMDAsImRlbGV0ZSI6MTIwMDAwMDAwMDAwMH0sInNjaGVtYV92ZXJzaW9uIjoiMSJ9",
          "dependencies": [
            "module.vpc.aws_vpc.this"
          ]
        },
        {
          "index_key": 1,
          "schema_version": 1,
          "attributes": {
            "arn": "arn:aws:ec2:ap-southeast-1:495113986501:subnet/subnet-0dde2d7edc02a5316",
            "assign_ipv6_address_on_creation": false,
            "availability_zone": "ap-southeast-1b",
            "availability_zone_id": "apse1-az2",
            "cidr_block": "10.70.8.0/24",
            "customer_owned_ipv4_pool": "",
            "enable_dns64": false,
            "enable_lni_at_device_index": 0,
            "enable_resource_name_dns_a_record_on_launch": false,
            "enable_resource_name_dns_aaaa_record_on_launch": false,
            "id": "subnet-0dde2d7edc02a5316",
            "ipv6_cidr_block": "",
            "ipv6_cidr_block_association_id": "",
            "ipv6_native": false,
            "map_customer_owned_ip_on_launch": false,
            "map_public_ip_on_launch": false,
            "outpost_arn": "",
            "owner_id": "495113986501",
            "private_dns_hostname_type_on_launch": "ip-name",
            "tags": {
              "Environment": "test",
              "ManagedBy": "terraform",
              "Name": "yec-elevator-test-db-ap-southeast-1b",
              "Project": "yec-elevator",
              "Sub-Tag": "Yoma Elevator",
              "Tier": "db"
            },
            "tags_all": {
              "Environment": "test",
              "ManagedBy": "terraform",
              "Name": "yec-elevator-test-db-ap-southeast-1b",
              "Project": "yec-elevator",
              "Sub-Tag": "Yoma Elevator",
              "Tier": "db"
            },
            "timeouts": null,
            "vpc_id": "vpc-090438837e5826cf3"
          },
          "sensitive_attributes": [],
          "identity_schema_version": 0,
          "private": "eyJlMmJmYjczMC1lY2FhLTExZTYtOGY4OC0zNDM2M2JjN2M0YzAiOnsiY3JlYXRlIjo2MDAwMDAwMDAwMDAsImRlbGV0ZSI6MTIwMDAwMDAwMDAwMH0sInNjaGVtYV92ZXJzaW9uIjoiMSJ9",
          "dependencies": [
            "module.vpc.aws_vpc.this"
          ]
        },
        {
          "index_key": 2,
          "schema_version": 1,
          "attributes": {
            "arn": "arn:aws:ec2:ap-southeast-1:495113986501:subnet/subnet-012528ea157923a80",
            "assign_ipv6_address_on_creation": false,
            "availability_zone": "ap-southeast-1c",
            "availability_zone_id": "apse1-az3",
            "cidr_block": "10.70.9.0/24",
            "customer_owned_ipv4_pool": "",
            "enable_dns64": false,
            "enable_lni_at_device_index": 0,
            "enable_resource_name_dns_a_record_on_launch": false,
            "enable_resource_name_dns_aaaa_record_on_launch": false,
            "id": "subnet-012528ea157923a80",
            "ipv6_cidr_block": "",
            "ipv6_cidr_block_association_id": "",
            "ipv6_native": false,
            "map_customer_owned_ip_on_launch": false,
            "map_public_ip_on_launch": false,
            "outpost_arn": "",
            "owner_id": "495113986501",
            "private_dns_hostname_type_on_launch": "ip-name",
            "tags": {
              "Environment": "test",
              "ManagedBy": "terraform",
              "Name": "yec-elevator-test-db-ap-southeast-1c",
              "Project": "yec-elevator",
              "Sub-Tag": "Yoma Elevator",
              "Tier": "db"
            },
            "tags_all": {
              "Environment": "test",
              "ManagedBy": "terraform",
              "Name": "yec-elevator-test-db-ap-southeast-1c",
              "Project": "yec-elevator",
              "Sub-Tag": "Yoma Elevator",
              "Tier": "db"
            },
            "timeouts": null,
            "vpc_id": "vpc-090438837e5826cf3"
          },
          "sensitive_attributes": [],
          "identity_schema_version": 0,
          "private": "eyJlMmJmYjczMC1lY2FhLTExZTYtOGY4OC0zNDM2M2JjN2M0YzAiOnsiY3JlYXRlIjo2MDAwMDAwMDAwMDAsImRlbGV0ZSI6MTIwMDAwMDAwMDAwMH0sInNjaGVtYV92ZXJzaW9uIjoiMSJ9",
          "dependencies": [
            "module.vpc.aws_vpc.this"
          ]
        }
      ]
    },
    {
      "module": "module.vpc",
      "mode": "managed",
      "type": "aws_vpc",
      "name": "this",
      "provider": "provider[\"registry.terraform.io/hashicorp/aws\"]",
      "instances": [
        {
          "schema_version": 1,
          "attributes": {
            "arn": "arn:aws:ec2:ap-southeast-1:495113986501:vpc/vpc-090438837e5826cf3",
            "assign_generated_ipv6_cidr_block": false,
            "cidr_block": "10.70.0.0/16",
            "default_network_acl_id": "acl-05c7e54edcf358636",
            "default_route_table_id": "rtb-0c70e4b36fe320fb2",
            "default_security_group_id": "sg-060e1348d328903b6",
            "dhcp_options_id": "dopt-6a4d820c",
            "enable_dns_hostnames": true,
            "enable_dns_support": true,
            "enable_network_address_usage_metrics": false,
            "id": "vpc-090438837e5826cf3",
            "instance_tenancy": "default",
            "ipv4_ipam_pool_id": null,
            "ipv4_netmask_length": null,
            "ipv6_association_id": "",
            "ipv6_cidr_block": "",
            "ipv6_cidr_block_network_border_group": "",
            "ipv6_ipam_pool_id": "",
            "ipv6_netmask_length": 0,
            "main_route_table_id": "rtb-0c70e4b36fe320fb2",
            "owner_id": "495113986501",
            "tags": {
              "Environment": "test",
              "ManagedBy": "terraform",
              "Name": "yec-elevator-test-vpc",
              "Project": "yec-elevator",
              "Sub-Tag": "Yoma Elevator"
            },
            "tags_all": {
              "Environment": "test",
              "ManagedBy": "terraform",
              "Name": "yec-elevator-test-vpc",
              "Project": "yec-elevator",
              "Sub-Tag": "Yoma Elevator"
            }
          },
          "sensitive_attributes": [],
          "identity_schema_version": 0,
          "private": "eyJzY2hlbWFfdmVyc2lvbiI6IjEifQ=="
        }
      ]
    }
  ],
  "check_results": null
}
